// !$*UTF8*$!
{
	archiveVersion = 1;
	classes = {
	};
	objectVersion = 46;
	objects = {

/* Begin PBXBuildFile section */
		442C1DDCEB2B2B292945F835 /* Pods_VRGSoftSwiftIOSKit.framework in Frameworks */ = {isa = PBXBuildFile; fileRef = 8BC56EDC4EEA30A01FF18969 /* Pods_VRGSoftSwiftIOSKit.framework */; };
		B71552411F3FAABB0073653B /* SMKeyboardAvoidingTableView.swift in Sources */ = {isa = PBXBuildFile; fileRef = B71552401F3FAABB0073653B /* SMKeyboardAvoidingTableView.swift */; };
		B71D37D61F3CA07F007DD6EE /* SMKeyboardAvoiding.swift in Sources */ = {isa = PBXBuildFile; fileRef = B71D37D51F3CA07F007DD6EE /* SMKeyboardAvoiding.swift */; };
		B71D37D81F3CA2D1007DD6EE /* SMKeyboardToolbar.swift in Sources */ = {isa = PBXBuildFile; fileRef = B71D37D71F3CA2D1007DD6EE /* SMKeyboardToolbar.swift */; };
		B71D37DA1F3CA585007DD6EE /* SMKeyboardAvoidingScrollView.swift in Sources */ = {isa = PBXBuildFile; fileRef = B71D37D91F3CA585007DD6EE /* SMKeyboardAvoidingScrollView.swift */; };
		B74DF39A1F34955500405847 /* AppDelegate.swift in Sources */ = {isa = PBXBuildFile; fileRef = B74DF3991F34955500405847 /* AppDelegate.swift */; };
		B74DF39C1F34955500405847 /* ViewController.swift in Sources */ = {isa = PBXBuildFile; fileRef = B74DF39B1F34955500405847 /* ViewController.swift */; };
		B74DF39F1F34955500405847 /* Main.storyboard in Resources */ = {isa = PBXBuildFile; fileRef = B74DF39D1F34955500405847 /* Main.storyboard */; };
		B74DF3A11F34955500405847 /* Assets.xcassets in Resources */ = {isa = PBXBuildFile; fileRef = B74DF3A01F34955500405847 /* Assets.xcassets */; };
		B74DF3A41F34955500405847 /* LaunchScreen.storyboard in Resources */ = {isa = PBXBuildFile; fileRef = B74DF3A21F34955500405847 /* LaunchScreen.storyboard */; };
		B74DF3AC1F34A3FC00405847 /* VRGSoftSwiftIOSKit.podspec in Resources */ = {isa = PBXBuildFile; fileRef = B74DF3AB1F34A3FC00405847 /* VRGSoftSwiftIOSKit.podspec */; };
		B750D16A1F3DD9D60086FEB7 /* SMToolbar.swift in Sources */ = {isa = PBXBuildFile; fileRef = B750D1691F3DD9D60086FEB7 /* SMToolbar.swift */; };
		B7ED41F91F34B271006C24DC /* VRGSoftSwiftIOSKit.bundle in Resources */ = {isa = PBXBuildFile; fileRef = B7ED41F81F34B271006C24DC /* VRGSoftSwiftIOSKit.bundle */; };
		B7F833CF1F39FC2200B0BC67 /* SMActivityAdapter.swift in Sources */ = {isa = PBXBuildFile; fileRef = B7F833861F39FC2200B0BC67 /* SMActivityAdapter.swift */; };
		B7F833D01F39FC2200B0BC67 /* SMActivityPKHUD.swift in Sources */ = {isa = PBXBuildFile; fileRef = B7F833871F39FC2200B0BC67 /* SMActivityPKHUD.swift */; };
		B7F833D11F39FC2200B0BC67 /* SMNativeMoreTableViewCell.swift in Sources */ = {isa = PBXBuildFile; fileRef = B7F833881F39FC2200B0BC67 /* SMNativeMoreTableViewCell.swift */; };
		B7F833D21F39FC2200B0BC67 /* SMNativePullToRefreshAdapter.swift in Sources */ = {isa = PBXBuildFile; fileRef = B7F833891F39FC2200B0BC67 /* SMNativePullToRefreshAdapter.swift */; };
		B7F833D31F39FC2200B0BC67 /* SMPullToRefreshAdapter.swift in Sources */ = {isa = PBXBuildFile; fileRef = B7F8338A1F39FC2200B0BC67 /* SMPullToRefreshAdapter.swift */; };
		B7F833D41F39FC2200B0BC67 /* SMAlertController.swift in Sources */ = {isa = PBXBuildFile; fileRef = B7F8338C1F39FC2200B0BC67 /* SMAlertController.swift */; };
		B7F833D51F39FC2200B0BC67 /* SMPair.swift in Sources */ = {isa = PBXBuildFile; fileRef = B7F8338E1F39FC2200B0BC67 /* SMPair.swift */; };
		B7F833D61F39FC2200B0BC67 /* SMTargetAction.swift in Sources */ = {isa = PBXBuildFile; fileRef = B7F8338F1F39FC2200B0BC67 /* SMTargetAction.swift */; };
		B7F833D71F39FC2200B0BC67 /* SMTitledID.swift in Sources */ = {isa = PBXBuildFile; fileRef = B7F833901F39FC2200B0BC67 /* SMTitledID.swift */; };
		B7F833D81F39FC2200B0BC67 /* SMLabel.swift in Sources */ = {isa = PBXBuildFile; fileRef = B7F833921F39FC2200B0BC67 /* SMLabel.swift */; };
		B7F833D91F39FC2200B0BC67 /* SMTextField.swift in Sources */ = {isa = PBXBuildFile; fileRef = B7F833931F39FC2200B0BC67 /* SMTextField.swift */; };
		B7F833DA1F39FC2200B0BC67 /* SMTextView.swift in Sources */ = {isa = PBXBuildFile; fileRef = B7F833941F39FC2200B0BC67 /* SMTextView.swift */; };
		B7F833DB1F39FC2200B0BC67 /* SMStorage.swift in Sources */ = {isa = PBXBuildFile; fileRef = B7F833961F39FC2200B0BC67 /* SMStorage.swift */; };
		B7F833DC1F39FC2200B0BC67 /* SMDataFetcherProtocol.swift in Sources */ = {isa = PBXBuildFile; fileRef = B7F833981F39FC2200B0BC67 /* SMDataFetcherProtocol.swift */; };
		B7F833DD1F39FC2200B0BC67 /* SMFetcherIntoStorage.swift in Sources */ = {isa = PBXBuildFile; fileRef = B7F833991F39FC2200B0BC67 /* SMFetcherIntoStorage.swift */; };
		B7F833DE1F39FC2200B0BC67 /* SMFetcherMessage.swift in Sources */ = {isa = PBXBuildFile; fileRef = B7F8339A1F39FC2200B0BC67 /* SMFetcherMessage.swift */; };
		B7F833DF1F39FC2200B0BC67 /* SMFetcherWithBlock.swift in Sources */ = {isa = PBXBuildFile; fileRef = B7F8339B1F39FC2200B0BC67 /* SMFetcherWithBlock.swift */; };
		B7F833E01F39FC2200B0BC67 /* SMFetcherWithRequest.swift in Sources */ = {isa = PBXBuildFile; fileRef = B7F8339C1F39FC2200B0BC67 /* SMFetcherWithRequest.swift */; };
		B7F833E11F39FC2200B0BC67 /* SMFilter.swift in Sources */ = {isa = PBXBuildFile; fileRef = B7F8339E1F39FC2200B0BC67 /* SMFilter.swift */; };
		B7F833E21F39FC2200B0BC67 /* SMFormatter.swift in Sources */ = {isa = PBXBuildFile; fileRef = B7F833A01F39FC2200B0BC67 /* SMFormatter.swift */; };
		B7F833E31F39FC2200B0BC67 /* SMGateway.swift in Sources */ = {isa = PBXBuildFile; fileRef = B7F833A21F39FC2200B0BC67 /* SMGateway.swift */; };
		B7F833E41F39FC2200B0BC67 /* SMGatewayConfigurator.swift in Sources */ = {isa = PBXBuildFile; fileRef = B7F833A31F39FC2200B0BC67 /* SMGatewayConfigurator.swift */; };
		B7F833E51F39FC2200B0BC67 /* SMGatewayRequest.swift in Sources */ = {isa = PBXBuildFile; fileRef = B7F833A41F39FC2200B0BC67 /* SMGatewayRequest.swift */; };
		B7F833E61F39FC2200B0BC67 /* SMColor.swift in Sources */ = {isa = PBXBuildFile; fileRef = B7F833A61F39FC2200B0BC67 /* SMColor.swift */; };
		B7F833E71F39FC2200B0BC67 /* UIButton+Help.swift in Sources */ = {isa = PBXBuildFile; fileRef = B7F833A71F39FC2200B0BC67 /* UIButton+Help.swift */; };
		B7F833E81F39FC2200B0BC67 /* UIImage+Help.swift in Sources */ = {isa = PBXBuildFile; fileRef = B7F833A81F39FC2200B0BC67 /* UIImage+Help.swift */; };
		B7F833E91F39FC2200B0BC67 /* UIImageView+Help.swift in Sources */ = {isa = PBXBuildFile; fileRef = B7F833A91F39FC2200B0BC67 /* UIImageView+Help.swift */; };
		B7F833EA1F39FC2200B0BC67 /* UILabel+Help.swift in Sources */ = {isa = PBXBuildFile; fileRef = B7F833AA1F39FC2200B0BC67 /* UILabel+Help.swift */; };
		B7F833EB1F39FC2200B0BC67 /* UIView+Animation.swift in Sources */ = {isa = PBXBuildFile; fileRef = B7F833AB1F39FC2200B0BC67 /* UIView+Animation.swift */; };
		B7F833EC1F39FC2200B0BC67 /* UIView+Help.swift in Sources */ = {isa = PBXBuildFile; fileRef = B7F833AC1F39FC2200B0BC67 /* UIView+Help.swift */; };
		B7F833ED1F39FC2200B0BC67 /* UIView+PSSizes.swift in Sources */ = {isa = PBXBuildFile; fileRef = B7F833AD1F39FC2200B0BC67 /* UIView+PSSizes.swift */; };
		B7F833EE1F39FC2200B0BC67 /* SMModuleList.swift in Sources */ = {isa = PBXBuildFile; fileRef = B7F833AF1F39FC2200B0BC67 /* SMModuleList.swift */; };
		B7F833EF1F39FC2200B0BC67 /* SMModuleListPaging.swift in Sources */ = {isa = PBXBuildFile; fileRef = B7F833B01F39FC2200B0BC67 /* SMModuleListPaging.swift */; };
		B7F833F01F39FC2200B0BC67 /* SMModuleRemotePushes.swift in Sources */ = {isa = PBXBuildFile; fileRef = B7F833B11F39FC2200B0BC67 /* SMModuleRemotePushes.swift */; };
		B7F833F11F39FC2200B0BC67 /* SMDataBaseRequest.swift in Sources */ = {isa = PBXBuildFile; fileRef = B7F833B31F39FC2200B0BC67 /* SMDataBaseRequest.swift */; };
		B7F833F21F39FC2200B0BC67 /* SMRequest.swift in Sources */ = {isa = PBXBuildFile; fileRef = B7F833B41F39FC2200B0BC67 /* SMRequest.swift */; };
		B7F833F41F39FC2200B0BC67 /* SMResponse.swift in Sources */ = {isa = PBXBuildFile; fileRef = B7F833B81F39FC2200B0BC67 /* SMResponse.swift */; };
		B7F833F51F39FC2200B0BC67 /* SMCellData.swift in Sources */ = {isa = PBXBuildFile; fileRef = B7F833BC1F39FC2200B0BC67 /* SMCellData.swift */; };
		B7F833F61F39FC2200B0BC67 /* SMCellDataMaped.swift in Sources */ = {isa = PBXBuildFile; fileRef = B7F833BD1F39FC2200B0BC67 /* SMCellDataMaped.swift */; };
		B7F833F71F39FC2200B0BC67 /* SMCellDataModeled.swift in Sources */ = {isa = PBXBuildFile; fileRef = B7F833BE1F39FC2200B0BC67 /* SMCellDataModeled.swift */; };
		B7F833F81F39FC2200B0BC67 /* SMCellProtocol.swift in Sources */ = {isa = PBXBuildFile; fileRef = B7F833BF1F39FC2200B0BC67 /* SMCellProtocol.swift */; };
		B7F833F91F39FC2200B0BC67 /* SMCell.swift in Sources */ = {isa = PBXBuildFile; fileRef = B7F833C21F39FC2200B0BC67 /* SMCell.swift */; };
		B7F833FA1F39FC2200B0BC67 /* SMSectionReadonly.swift in Sources */ = {isa = PBXBuildFile; fileRef = B7F833C41F39FC2200B0BC67 /* SMSectionReadonly.swift */; };
		B7F833FB1F39FC2200B0BC67 /* SMSectionWritable.swift in Sources */ = {isa = PBXBuildFile; fileRef = B7F833C51F39FC2200B0BC67 /* SMSectionWritable.swift */; };
		B7F833FC1F39FC2200B0BC67 /* SMTableDisposer.swift in Sources */ = {isa = PBXBuildFile; fileRef = B7F833C71F39FC2200B0BC67 /* SMTableDisposer.swift */; };
		B7F833FD1F39FC2200B0BC67 /* SMTableDisposerModeled.swift in Sources */ = {isa = PBXBuildFile; fileRef = B7F833C81F39FC2200B0BC67 /* SMTableDisposerModeled.swift */; };
		B7F833FE1F39FC2200B0BC67 /* SMValidationGroup.swift in Sources */ = {isa = PBXBuildFile; fileRef = B7F833CA1F39FC2200B0BC67 /* SMValidationGroup.swift */; };
		B7F833FF1F39FC2200B0BC67 /* SMValidator.swift in Sources */ = {isa = PBXBuildFile; fileRef = B7F833CB1F39FC2200B0BC67 /* SMValidator.swift */; };
		B7F834001F39FC2200B0BC67 /* SMViewController.swift in Sources */ = {isa = PBXBuildFile; fileRef = B7F833CD1F39FC2200B0BC67 /* SMViewController.swift */; };
		B7F834011F39FC2200B0BC67 /* UIViewController+Help.swift in Sources */ = {isa = PBXBuildFile; fileRef = B7F833CE1F39FC2200B0BC67 /* UIViewController+Help.swift */; };
/* End PBXBuildFile section */

/* Begin PBXFileReference section */
		74D214329718139F3B918BE8 /* Pods-VRGSoftSwiftIOSKit.debug.xcconfig */ = {isa = PBXFileReference; includeInIndex = 1; lastKnownFileType = text.xcconfig; name = "Pods-VRGSoftSwiftIOSKit.debug.xcconfig"; path = "Pods/Target Support Files/Pods-VRGSoftSwiftIOSKit/Pods-VRGSoftSwiftIOSKit.debug.xcconfig"; sourceTree = "<group>"; };
		8BC56EDC4EEA30A01FF18969 /* Pods_VRGSoftSwiftIOSKit.framework */ = {isa = PBXFileReference; explicitFileType = wrapper.framework; includeInIndex = 0; path = Pods_VRGSoftSwiftIOSKit.framework; sourceTree = BUILT_PRODUCTS_DIR; };
		B71552401F3FAABB0073653B /* SMKeyboardAvoidingTableView.swift */ = {isa = PBXFileReference; fileEncoding = 4; lastKnownFileType = sourcecode.swift; path = SMKeyboardAvoidingTableView.swift; sourceTree = "<group>"; };
		B71D37D51F3CA07F007DD6EE /* SMKeyboardAvoiding.swift */ = {isa = PBXFileReference; fileEncoding = 4; lastKnownFileType = sourcecode.swift; path = SMKeyboardAvoiding.swift; sourceTree = "<group>"; };
		B71D37D71F3CA2D1007DD6EE /* SMKeyboardToolbar.swift */ = {isa = PBXFileReference; fileEncoding = 4; lastKnownFileType = sourcecode.swift; path = SMKeyboardToolbar.swift; sourceTree = "<group>"; };
		B71D37D91F3CA585007DD6EE /* SMKeyboardAvoidingScrollView.swift */ = {isa = PBXFileReference; fileEncoding = 4; lastKnownFileType = sourcecode.swift; path = SMKeyboardAvoidingScrollView.swift; sourceTree = "<group>"; };
		B74DF3961F34955500405847 /* VRGSoftSwiftIOSKit.app */ = {isa = PBXFileReference; explicitFileType = wrapper.application; includeInIndex = 0; path = VRGSoftSwiftIOSKit.app; sourceTree = BUILT_PRODUCTS_DIR; };
		B74DF3991F34955500405847 /* AppDelegate.swift */ = {isa = PBXFileReference; lastKnownFileType = sourcecode.swift; path = AppDelegate.swift; sourceTree = "<group>"; };
		B74DF39B1F34955500405847 /* ViewController.swift */ = {isa = PBXFileReference; lastKnownFileType = sourcecode.swift; path = ViewController.swift; sourceTree = "<group>"; };
		B74DF39E1F34955500405847 /* Base */ = {isa = PBXFileReference; lastKnownFileType = file.storyboard; name = Base; path = Base.lproj/Main.storyboard; sourceTree = "<group>"; };
		B74DF3A01F34955500405847 /* Assets.xcassets */ = {isa = PBXFileReference; lastKnownFileType = folder.assetcatalog; path = Assets.xcassets; sourceTree = "<group>"; };
		B74DF3A31F34955500405847 /* Base */ = {isa = PBXFileReference; lastKnownFileType = file.storyboard; name = Base; path = Base.lproj/LaunchScreen.storyboard; sourceTree = "<group>"; };
		B74DF3A51F34955500405847 /* Info.plist */ = {isa = PBXFileReference; lastKnownFileType = text.plist.xml; path = Info.plist; sourceTree = "<group>"; };
		B74DF3AB1F34A3FC00405847 /* VRGSoftSwiftIOSKit.podspec */ = {isa = PBXFileReference; fileEncoding = 4; lastKnownFileType = text; path = VRGSoftSwiftIOSKit.podspec; sourceTree = "<group>"; };
		B750D1691F3DD9D60086FEB7 /* SMToolbar.swift */ = {isa = PBXFileReference; fileEncoding = 4; lastKnownFileType = sourcecode.swift; path = SMToolbar.swift; sourceTree = "<group>"; };
		B7ED41F81F34B271006C24DC /* VRGSoftSwiftIOSKit.bundle */ = {isa = PBXFileReference; lastKnownFileType = "wrapper.plug-in"; path = VRGSoftSwiftIOSKit.bundle; sourceTree = "<group>"; };
		B7F833861F39FC2200B0BC67 /* SMActivityAdapter.swift */ = {isa = PBXFileReference; fileEncoding = 4; lastKnownFileType = sourcecode.swift; path = SMActivityAdapter.swift; sourceTree = "<group>"; };
		B7F833871F39FC2200B0BC67 /* SMActivityPKHUD.swift */ = {isa = PBXFileReference; fileEncoding = 4; lastKnownFileType = sourcecode.swift; path = SMActivityPKHUD.swift; sourceTree = "<group>"; };
		B7F833881F39FC2200B0BC67 /* SMNativeMoreTableViewCell.swift */ = {isa = PBXFileReference; fileEncoding = 4; lastKnownFileType = sourcecode.swift; path = SMNativeMoreTableViewCell.swift; sourceTree = "<group>"; };
		B7F833891F39FC2200B0BC67 /* SMNativePullToRefreshAdapter.swift */ = {isa = PBXFileReference; fileEncoding = 4; lastKnownFileType = sourcecode.swift; path = SMNativePullToRefreshAdapter.swift; sourceTree = "<group>"; };
		B7F8338A1F39FC2200B0BC67 /* SMPullToRefreshAdapter.swift */ = {isa = PBXFileReference; fileEncoding = 4; lastKnownFileType = sourcecode.swift; path = SMPullToRefreshAdapter.swift; sourceTree = "<group>"; };
		B7F8338C1F39FC2200B0BC67 /* SMAlertController.swift */ = {isa = PBXFileReference; fileEncoding = 4; lastKnownFileType = sourcecode.swift; path = SMAlertController.swift; sourceTree = "<group>"; };
		B7F8338E1F39FC2200B0BC67 /* SMPair.swift */ = {isa = PBXFileReference; fileEncoding = 4; lastKnownFileType = sourcecode.swift; path = SMPair.swift; sourceTree = "<group>"; };
		B7F8338F1F39FC2200B0BC67 /* SMTargetAction.swift */ = {isa = PBXFileReference; fileEncoding = 4; lastKnownFileType = sourcecode.swift; path = SMTargetAction.swift; sourceTree = "<group>"; };
		B7F833901F39FC2200B0BC67 /* SMTitledID.swift */ = {isa = PBXFileReference; fileEncoding = 4; lastKnownFileType = sourcecode.swift; path = SMTitledID.swift; sourceTree = "<group>"; };
		B7F833921F39FC2200B0BC67 /* SMLabel.swift */ = {isa = PBXFileReference; fileEncoding = 4; lastKnownFileType = sourcecode.swift; path = SMLabel.swift; sourceTree = "<group>"; };
		B7F833931F39FC2200B0BC67 /* SMTextField.swift */ = {isa = PBXFileReference; fileEncoding = 4; lastKnownFileType = sourcecode.swift; path = SMTextField.swift; sourceTree = "<group>"; };
		B7F833941F39FC2200B0BC67 /* SMTextView.swift */ = {isa = PBXFileReference; fileEncoding = 4; lastKnownFileType = sourcecode.swift; path = SMTextView.swift; sourceTree = "<group>"; };
		B7F833961F39FC2200B0BC67 /* SMStorage.swift */ = {isa = PBXFileReference; fileEncoding = 4; lastKnownFileType = sourcecode.swift; path = SMStorage.swift; sourceTree = "<group>"; };
		B7F833981F39FC2200B0BC67 /* SMDataFetcherProtocol.swift */ = {isa = PBXFileReference; fileEncoding = 4; lastKnownFileType = sourcecode.swift; path = SMDataFetcherProtocol.swift; sourceTree = "<group>"; };
		B7F833991F39FC2200B0BC67 /* SMFetcherIntoStorage.swift */ = {isa = PBXFileReference; fileEncoding = 4; lastKnownFileType = sourcecode.swift; path = SMFetcherIntoStorage.swift; sourceTree = "<group>"; };
		B7F8339A1F39FC2200B0BC67 /* SMFetcherMessage.swift */ = {isa = PBXFileReference; fileEncoding = 4; lastKnownFileType = sourcecode.swift; path = SMFetcherMessage.swift; sourceTree = "<group>"; };
		B7F8339B1F39FC2200B0BC67 /* SMFetcherWithBlock.swift */ = {isa = PBXFileReference; fileEncoding = 4; lastKnownFileType = sourcecode.swift; path = SMFetcherWithBlock.swift; sourceTree = "<group>"; };
		B7F8339C1F39FC2200B0BC67 /* SMFetcherWithRequest.swift */ = {isa = PBXFileReference; fileEncoding = 4; lastKnownFileType = sourcecode.swift; path = SMFetcherWithRequest.swift; sourceTree = "<group>"; };
		B7F8339E1F39FC2200B0BC67 /* SMFilter.swift */ = {isa = PBXFileReference; fileEncoding = 4; lastKnownFileType = sourcecode.swift; path = SMFilter.swift; sourceTree = "<group>"; };
		B7F833A01F39FC2200B0BC67 /* SMFormatter.swift */ = {isa = PBXFileReference; fileEncoding = 4; lastKnownFileType = sourcecode.swift; path = SMFormatter.swift; sourceTree = "<group>"; };
		B7F833A21F39FC2200B0BC67 /* SMGateway.swift */ = {isa = PBXFileReference; fileEncoding = 4; lastKnownFileType = sourcecode.swift; path = SMGateway.swift; sourceTree = "<group>"; };
		B7F833A31F39FC2200B0BC67 /* SMGatewayConfigurator.swift */ = {isa = PBXFileReference; fileEncoding = 4; lastKnownFileType = sourcecode.swift; path = SMGatewayConfigurator.swift; sourceTree = "<group>"; };
		B7F833A41F39FC2200B0BC67 /* SMGatewayRequest.swift */ = {isa = PBXFileReference; fileEncoding = 4; lastKnownFileType = sourcecode.swift; path = SMGatewayRequest.swift; sourceTree = "<group>"; };
		B7F833A61F39FC2200B0BC67 /* SMColor.swift */ = {isa = PBXFileReference; fileEncoding = 4; lastKnownFileType = sourcecode.swift; path = SMColor.swift; sourceTree = "<group>"; };
		B7F833A71F39FC2200B0BC67 /* UIButton+Help.swift */ = {isa = PBXFileReference; fileEncoding = 4; lastKnownFileType = sourcecode.swift; path = "UIButton+Help.swift"; sourceTree = "<group>"; };
		B7F833A81F39FC2200B0BC67 /* UIImage+Help.swift */ = {isa = PBXFileReference; fileEncoding = 4; lastKnownFileType = sourcecode.swift; path = "UIImage+Help.swift"; sourceTree = "<group>"; };
		B7F833A91F39FC2200B0BC67 /* UIImageView+Help.swift */ = {isa = PBXFileReference; fileEncoding = 4; lastKnownFileType = sourcecode.swift; path = "UIImageView+Help.swift"; sourceTree = "<group>"; };
		B7F833AA1F39FC2200B0BC67 /* UILabel+Help.swift */ = {isa = PBXFileReference; fileEncoding = 4; lastKnownFileType = sourcecode.swift; path = "UILabel+Help.swift"; sourceTree = "<group>"; };
		B7F833AB1F39FC2200B0BC67 /* UIView+Animation.swift */ = {isa = PBXFileReference; fileEncoding = 4; lastKnownFileType = sourcecode.swift; path = "UIView+Animation.swift"; sourceTree = "<group>"; };
		B7F833AC1F39FC2200B0BC67 /* UIView+Help.swift */ = {isa = PBXFileReference; fileEncoding = 4; lastKnownFileType = sourcecode.swift; path = "UIView+Help.swift"; sourceTree = "<group>"; };
		B7F833AD1F39FC2200B0BC67 /* UIView+PSSizes.swift */ = {isa = PBXFileReference; fileEncoding = 4; lastKnownFileType = sourcecode.swift; path = "UIView+PSSizes.swift"; sourceTree = "<group>"; };
		B7F833AF1F39FC2200B0BC67 /* SMModuleList.swift */ = {isa = PBXFileReference; fileEncoding = 4; lastKnownFileType = sourcecode.swift; path = SMModuleList.swift; sourceTree = "<group>"; };
		B7F833B01F39FC2200B0BC67 /* SMModuleListPaging.swift */ = {isa = PBXFileReference; fileEncoding = 4; lastKnownFileType = sourcecode.swift; path = SMModuleListPaging.swift; sourceTree = "<group>"; };
		B7F833B11F39FC2200B0BC67 /* SMModuleRemotePushes.swift */ = {isa = PBXFileReference; fileEncoding = 4; lastKnownFileType = sourcecode.swift; path = SMModuleRemotePushes.swift; sourceTree = "<group>"; };
		B7F833B31F39FC2200B0BC67 /* SMDataBaseRequest.swift */ = {isa = PBXFileReference; fileEncoding = 4; lastKnownFileType = sourcecode.swift; path = SMDataBaseRequest.swift; sourceTree = "<group>"; };
		B7F833B41F39FC2200B0BC67 /* SMRequest.swift */ = {isa = PBXFileReference; fileEncoding = 4; lastKnownFileType = sourcecode.swift; path = SMRequest.swift; sourceTree = "<group>"; };
		B7F833B81F39FC2200B0BC67 /* SMResponse.swift */ = {isa = PBXFileReference; fileEncoding = 4; lastKnownFileType = sourcecode.swift; path = SMResponse.swift; sourceTree = "<group>"; };
		B7F833BC1F39FC2200B0BC67 /* SMCellData.swift */ = {isa = PBXFileReference; fileEncoding = 4; lastKnownFileType = sourcecode.swift; path = SMCellData.swift; sourceTree = "<group>"; };
		B7F833BD1F39FC2200B0BC67 /* SMCellDataMaped.swift */ = {isa = PBXFileReference; fileEncoding = 4; lastKnownFileType = sourcecode.swift; path = SMCellDataMaped.swift; sourceTree = "<group>"; };
		B7F833BE1F39FC2200B0BC67 /* SMCellDataModeled.swift */ = {isa = PBXFileReference; fileEncoding = 4; lastKnownFileType = sourcecode.swift; path = SMCellDataModeled.swift; sourceTree = "<group>"; };
		B7F833BF1F39FC2200B0BC67 /* SMCellProtocol.swift */ = {isa = PBXFileReference; fileEncoding = 4; lastKnownFileType = sourcecode.swift; path = SMCellProtocol.swift; sourceTree = "<group>"; };
		B7F833C21F39FC2200B0BC67 /* SMCell.swift */ = {isa = PBXFileReference; fileEncoding = 4; lastKnownFileType = sourcecode.swift; path = SMCell.swift; sourceTree = "<group>"; };
		B7F833C41F39FC2200B0BC67 /* SMSectionReadonly.swift */ = {isa = PBXFileReference; fileEncoding = 4; lastKnownFileType = sourcecode.swift; path = SMSectionReadonly.swift; sourceTree = "<group>"; };
		B7F833C51F39FC2200B0BC67 /* SMSectionWritable.swift */ = {isa = PBXFileReference; fileEncoding = 4; lastKnownFileType = sourcecode.swift; path = SMSectionWritable.swift; sourceTree = "<group>"; };
		B7F833C71F39FC2200B0BC67 /* SMTableDisposer.swift */ = {isa = PBXFileReference; fileEncoding = 4; lastKnownFileType = sourcecode.swift; path = SMTableDisposer.swift; sourceTree = "<group>"; };
		B7F833C81F39FC2200B0BC67 /* SMTableDisposerModeled.swift */ = {isa = PBXFileReference; fileEncoding = 4; lastKnownFileType = sourcecode.swift; path = SMTableDisposerModeled.swift; sourceTree = "<group>"; };
		B7F833CA1F39FC2200B0BC67 /* SMValidationGroup.swift */ = {isa = PBXFileReference; fileEncoding = 4; lastKnownFileType = sourcecode.swift; path = SMValidationGroup.swift; sourceTree = "<group>"; };
		B7F833CB1F39FC2200B0BC67 /* SMValidator.swift */ = {isa = PBXFileReference; fileEncoding = 4; lastKnownFileType = sourcecode.swift; path = SMValidator.swift; sourceTree = "<group>"; };
		B7F833CD1F39FC2200B0BC67 /* SMViewController.swift */ = {isa = PBXFileReference; fileEncoding = 4; lastKnownFileType = sourcecode.swift; path = SMViewController.swift; sourceTree = "<group>"; };
		B7F833CE1F39FC2200B0BC67 /* UIViewController+Help.swift */ = {isa = PBXFileReference; fileEncoding = 4; lastKnownFileType = sourcecode.swift; path = "UIViewController+Help.swift"; sourceTree = "<group>"; };
		E744888B69F1358D3BD7E3F5 /* Pods-VRGSoftSwiftIOSKit.release.xcconfig */ = {isa = PBXFileReference; includeInIndex = 1; lastKnownFileType = text.xcconfig; name = "Pods-VRGSoftSwiftIOSKit.release.xcconfig"; path = "Pods/Target Support Files/Pods-VRGSoftSwiftIOSKit/Pods-VRGSoftSwiftIOSKit.release.xcconfig"; sourceTree = "<group>"; };
/* End PBXFileReference section */

/* Begin PBXFrameworksBuildPhase section */
		B74DF3931F34955500405847 /* Frameworks */ = {
			isa = PBXFrameworksBuildPhase;
			buildActionMask = 2147483647;
			files = (
				442C1DDCEB2B2B292945F835 /* Pods_VRGSoftSwiftIOSKit.framework in Frameworks */,
			);
			runOnlyForDeploymentPostprocessing = 0;
		};
/* End PBXFrameworksBuildPhase section */

/* Begin PBXGroup section */
		585C76D6BBCBEE819A29BC44 /* Pods */ = {
			isa = PBXGroup;
			children = (
				74D214329718139F3B918BE8 /* Pods-VRGSoftSwiftIOSKit.debug.xcconfig */,
				E744888B69F1358D3BD7E3F5 /* Pods-VRGSoftSwiftIOSKit.release.xcconfig */,
			);
			name = Pods;
			sourceTree = "<group>";
		};
		B71D37D41F3CA065007DD6EE /* KeyboardAvoiding */ = {
			isa = PBXGroup;
			children = (
				B71D37D51F3CA07F007DD6EE /* SMKeyboardAvoiding.swift */,
				B71D37D71F3CA2D1007DD6EE /* SMKeyboardToolbar.swift */,
				B71D37D91F3CA585007DD6EE /* SMKeyboardAvoidingScrollView.swift */,
				B71552401F3FAABB0073653B /* SMKeyboardAvoidingTableView.swift */,
			);
			path = KeyboardAvoiding;
			sourceTree = "<group>";
		};
		B74DF38D1F34955500405847 = {
			isa = PBXGroup;
			children = (
				B74DF3AB1F34A3FC00405847 /* VRGSoftSwiftIOSKit.podspec */,
				B74DF3981F34955500405847 /* VRGSoftSwiftIOSKit */,
				B74DF3971F34955500405847 /* Products */,
				585C76D6BBCBEE819A29BC44 /* Pods */,
				E57EA640F164A220DF80EC71 /* Frameworks */,
			);
			sourceTree = "<group>";
		};
		B74DF3971F34955500405847 /* Products */ = {
			isa = PBXGroup;
			children = (
				B74DF3961F34955500405847 /* VRGSoftSwiftIOSKit.app */,
			);
			name = Products;
			sourceTree = "<group>";
		};
		B74DF3981F34955500405847 /* VRGSoftSwiftIOSKit */ = {
			isa = PBXGroup;
			children = (
				B7F833841F39FBFC00B0BC67 /* Core */,
				B7ED41F71F34B1B6006C24DC /* Resources */,
				B74DF3991F34955500405847 /* AppDelegate.swift */,
				B74DF39B1F34955500405847 /* ViewController.swift */,
				B74DF39D1F34955500405847 /* Main.storyboard */,
				B74DF3A01F34955500405847 /* Assets.xcassets */,
				B74DF3A21F34955500405847 /* LaunchScreen.storyboard */,
				B74DF3A51F34955500405847 /* Info.plist */,
			);
			path = VRGSoftSwiftIOSKit;
			sourceTree = "<group>";
		};
		B7ED41F71F34B1B6006C24DC /* Resources */ = {
			isa = PBXGroup;
			children = (
				B7ED41F81F34B271006C24DC /* VRGSoftSwiftIOSKit.bundle */,
			);
			path = Resources;
			sourceTree = "<group>";
		};
		B7F833841F39FBFC00B0BC67 /* Core */ = {
			isa = PBXGroup;
			children = (
				B7F833851F39FC2200B0BC67 /* Activities */,
				B7F8338B1F39FC2200B0BC67 /* AlertController */,
				B7F8338D1F39FC2200B0BC67 /* Base */,
				B7F833911F39FC2200B0BC67 /* Controls */,
				B7F833951F39FC2200B0BC67 /* CoreData */,
				B7F833971F39FC2200B0BC67 /* Fetcher */,
				B7F8339D1F39FC2200B0BC67 /* Filter */,
				B7F8339F1F39FC2200B0BC67 /* Formatter */,
				B7F833A11F39FC2200B0BC67 /* Gateway */,
				B7F833A51F39FC2200B0BC67 /* Help */,
				B7F833AE1F39FC2200B0BC67 /* Modules */,
				B7F833B21F39FC2200B0BC67 /* Request */,
				B7F833B71F39FC2200B0BC67 /* Response */,
				B7F833B91F39FC2200B0BC67 /* TableDisposer */,
				B7F833C91F39FC2200B0BC67 /* Validators */,
				B7F833CC1F39FC2200B0BC67 /* Vc */,
			);
			path = Core;
			sourceTree = "<group>";
		};
		B7F833851F39FC2200B0BC67 /* Activities */ = {
			isa = PBXGroup;
			children = (
				B7F833861F39FC2200B0BC67 /* SMActivityAdapter.swift */,
				B7F833871F39FC2200B0BC67 /* SMActivityPKHUD.swift */,
				B7F833881F39FC2200B0BC67 /* SMNativeMoreTableViewCell.swift */,
				B7F833891F39FC2200B0BC67 /* SMNativePullToRefreshAdapter.swift */,
				B7F8338A1F39FC2200B0BC67 /* SMPullToRefreshAdapter.swift */,
			);
			path = Activities;
			sourceTree = "<group>";
		};
		B7F8338B1F39FC2200B0BC67 /* AlertController */ = {
			isa = PBXGroup;
			children = (
				B7F8338C1F39FC2200B0BC67 /* SMAlertController.swift */,
			);
			path = AlertController;
			sourceTree = "<group>";
		};
		B7F8338D1F39FC2200B0BC67 /* Base */ = {
			isa = PBXGroup;
			children = (
				B7F8338E1F39FC2200B0BC67 /* SMPair.swift */,
				B7F8338F1F39FC2200B0BC67 /* SMTargetAction.swift */,
				B7F833901F39FC2200B0BC67 /* SMTitledID.swift */,
			);
			path = Base;
			sourceTree = "<group>";
		};
		B7F833911F39FC2200B0BC67 /* Controls */ = {
			isa = PBXGroup;
			children = (
				B71D37D41F3CA065007DD6EE /* KeyboardAvoiding */,
				B7F833921F39FC2200B0BC67 /* SMLabel.swift */,
				B7F833931F39FC2200B0BC67 /* SMTextField.swift */,
				B7F833941F39FC2200B0BC67 /* SMTextView.swift */,
				B750D1691F3DD9D60086FEB7 /* SMToolbar.swift */,
			);
			path = Controls;
			sourceTree = "<group>";
		};
		B7F833951F39FC2200B0BC67 /* CoreData */ = {
			isa = PBXGroup;
			children = (
				B7F833961F39FC2200B0BC67 /* SMStorage.swift */,
			);
			path = CoreData;
			sourceTree = "<group>";
		};
		B7F833971F39FC2200B0BC67 /* Fetcher */ = {
			isa = PBXGroup;
			children = (
				B7F833981F39FC2200B0BC67 /* SMDataFetcherProtocol.swift */,
				B7F833991F39FC2200B0BC67 /* SMFetcherIntoStorage.swift */,
				B7F8339A1F39FC2200B0BC67 /* SMFetcherMessage.swift */,
				B7F8339B1F39FC2200B0BC67 /* SMFetcherWithBlock.swift */,
				B7F8339C1F39FC2200B0BC67 /* SMFetcherWithRequest.swift */,
			);
			path = Fetcher;
			sourceTree = "<group>";
		};
		B7F8339D1F39FC2200B0BC67 /* Filter */ = {
			isa = PBXGroup;
			children = (
				B7F8339E1F39FC2200B0BC67 /* SMFilter.swift */,
			);
			path = Filter;
			sourceTree = "<group>";
		};
		B7F8339F1F39FC2200B0BC67 /* Formatter */ = {
			isa = PBXGroup;
			children = (
				B7F833A01F39FC2200B0BC67 /* SMFormatter.swift */,
			);
			path = Formatter;
			sourceTree = "<group>";
		};
		B7F833A11F39FC2200B0BC67 /* Gateway */ = {
			isa = PBXGroup;
			children = (
				B7F833A21F39FC2200B0BC67 /* SMGateway.swift */,
				B7F833A31F39FC2200B0BC67 /* SMGatewayConfigurator.swift */,
				B7F833A41F39FC2200B0BC67 /* SMGatewayRequest.swift */,
			);
			path = Gateway;
			sourceTree = "<group>";
		};
		B7F833A51F39FC2200B0BC67 /* Help */ = {
			isa = PBXGroup;
			children = (
				B7F833A61F39FC2200B0BC67 /* SMColor.swift */,
				B7F833A71F39FC2200B0BC67 /* UIButton+Help.swift */,
				B7F833A81F39FC2200B0BC67 /* UIImage+Help.swift */,
				B7F833A91F39FC2200B0BC67 /* UIImageView+Help.swift */,
				B7F833AA1F39FC2200B0BC67 /* UILabel+Help.swift */,
				B7F833AB1F39FC2200B0BC67 /* UIView+Animation.swift */,
				B7F833AC1F39FC2200B0BC67 /* UIView+Help.swift */,
				B7F833AD1F39FC2200B0BC67 /* UIView+PSSizes.swift */,
			);
			path = Help;
			sourceTree = "<group>";
		};
		B7F833AE1F39FC2200B0BC67 /* Modules */ = {
			isa = PBXGroup;
			children = (
				B7F833AF1F39FC2200B0BC67 /* SMModuleList.swift */,
				B7F833B01F39FC2200B0BC67 /* SMModuleListPaging.swift */,
				B7F833B11F39FC2200B0BC67 /* SMModuleRemotePushes.swift */,
			);
			path = Modules;
			sourceTree = "<group>";
		};
		B7F833B21F39FC2200B0BC67 /* Request */ = {
			isa = PBXGroup;
			children = (
				B7F833B31F39FC2200B0BC67 /* SMDataBaseRequest.swift */,
				B7F833B41F39FC2200B0BC67 /* SMRequest.swift */,
			);
			path = Request;
			sourceTree = "<group>";
		};
		B7F833B71F39FC2200B0BC67 /* Response */ = {
			isa = PBXGroup;
			children = (
				B7F833B81F39FC2200B0BC67 /* SMResponse.swift */,
			);
			path = Response;
			sourceTree = "<group>";
		};
		B7F833B91F39FC2200B0BC67 /* TableDisposer */ = {
			isa = PBXGroup;
			children = (
				B7F833BA1F39FC2200B0BC67 /* CellDatas */,
				B7F833C01F39FC2200B0BC67 /* Cells */,
				B7F833C31F39FC2200B0BC67 /* Sections */,
				B7F833C61F39FC2200B0BC67 /* TableDisposers */,
			);
			path = TableDisposer;
			sourceTree = "<group>";
		};
		B7F833BA1F39FC2200B0BC67 /* CellDatas */ = {
			isa = PBXGroup;
			children = (
				B7F833BB1F39FC2200B0BC67 /* Base */,
			);
			path = CellDatas;
			sourceTree = "<group>";
		};
		B7F833BB1F39FC2200B0BC67 /* Base */ = {
			isa = PBXGroup;
			children = (
				B7F833BC1F39FC2200B0BC67 /* SMCellData.swift */,
				B7F833BD1F39FC2200B0BC67 /* SMCellDataMaped.swift */,
				B7F833BE1F39FC2200B0BC67 /* SMCellDataModeled.swift */,
				B7F833BF1F39FC2200B0BC67 /* SMCellProtocol.swift */,
			);
			path = Base;
			sourceTree = "<group>";
		};
		B7F833C01F39FC2200B0BC67 /* Cells */ = {
			isa = PBXGroup;
			children = (
				B7F833C11F39FC2200B0BC67 /* Base */,
			);
			path = Cells;
			sourceTree = "<group>";
		};
		B7F833C11F39FC2200B0BC67 /* Base */ = {
			isa = PBXGroup;
			children = (
				B7F833C21F39FC2200B0BC67 /* SMCell.swift */,
			);
			path = Base;
			sourceTree = "<group>";
		};
		B7F833C31F39FC2200B0BC67 /* Sections */ = {
			isa = PBXGroup;
			children = (
				B7F833C41F39FC2200B0BC67 /* SMSectionReadonly.swift */,
				B7F833C51F39FC2200B0BC67 /* SMSectionWritable.swift */,
			);
			path = Sections;
			sourceTree = "<group>";
		};
		B7F833C61F39FC2200B0BC67 /* TableDisposers */ = {
			isa = PBXGroup;
			children = (
				B7F833C71F39FC2200B0BC67 /* SMTableDisposer.swift */,
				B7F833C81F39FC2200B0BC67 /* SMTableDisposerModeled.swift */,
			);
			path = TableDisposers;
			sourceTree = "<group>";
		};
		B7F833C91F39FC2200B0BC67 /* Validators */ = {
			isa = PBXGroup;
			children = (
				B7F833CA1F39FC2200B0BC67 /* SMValidationGroup.swift */,
				B7F833CB1F39FC2200B0BC67 /* SMValidator.swift */,
			);
			path = Validators;
			sourceTree = "<group>";
		};
		B7F833CC1F39FC2200B0BC67 /* Vc */ = {
			isa = PBXGroup;
			children = (
				B7F833CD1F39FC2200B0BC67 /* SMViewController.swift */,
				B7F833CE1F39FC2200B0BC67 /* UIViewController+Help.swift */,
			);
			path = Vc;
			sourceTree = "<group>";
		};
		E57EA640F164A220DF80EC71 /* Frameworks */ = {
			isa = PBXGroup;
			children = (
				8BC56EDC4EEA30A01FF18969 /* Pods_VRGSoftSwiftIOSKit.framework */,
			);
			name = Frameworks;
			sourceTree = "<group>";
		};
/* End PBXGroup section */

/* Begin PBXNativeTarget section */
		B74DF3951F34955500405847 /* VRGSoftSwiftIOSKit */ = {
			isa = PBXNativeTarget;
			buildConfigurationList = B74DF3A81F34955500405847 /* Build configuration list for PBXNativeTarget "VRGSoftSwiftIOSKit" */;
			buildPhases = (
				8047E08A137C9DA4DBABE677 /* [CP] Check Pods Manifest.lock */,
				B74DF3921F34955500405847 /* Sources */,
				B74DF3931F34955500405847 /* Frameworks */,
				B74DF3941F34955500405847 /* Resources */,
				C66E164DD5DA24212F9ED3EE /* [CP] Embed Pods Frameworks */,
				2A3C395059087DB161CCCE44 /* [CP] Copy Pods Resources */,
			);
			buildRules = (
			);
			dependencies = (
			);
			name = VRGSoftSwiftIOSKit;
			productName = VRGSoftSwiftIOSKit;
			productReference = B74DF3961F34955500405847 /* VRGSoftSwiftIOSKit.app */;
			productType = "com.apple.product-type.application";
		};
/* End PBXNativeTarget section */

/* Begin PBXProject section */
		B74DF38E1F34955500405847 /* Project object */ = {
			isa = PBXProject;
			attributes = {
				LastSwiftUpdateCheck = 0830;
				LastUpgradeCheck = 0830;
				ORGANIZATIONNAME = "OLEKSANDR SEMENIUK";
				TargetAttributes = {
					B74DF3951F34955500405847 = {
						CreatedOnToolsVersion = 8.3.3;
						ProvisioningStyle = Automatic;
					};
				};
			};
			buildConfigurationList = B74DF3911F34955500405847 /* Build configuration list for PBXProject "VRGSoftSwiftIOSKit" */;
			compatibilityVersion = "Xcode 3.2";
			developmentRegion = English;
			hasScannedForEncodings = 0;
			knownRegions = (
				en,
				Base,
			);
			mainGroup = B74DF38D1F34955500405847;
			productRefGroup = B74DF3971F34955500405847 /* Products */;
			projectDirPath = "";
			projectRoot = "";
			targets = (
				B74DF3951F34955500405847 /* VRGSoftSwiftIOSKit */,
			);
		};
/* End PBXProject section */

/* Begin PBXResourcesBuildPhase section */
		B74DF3941F34955500405847 /* Resources */ = {
			isa = PBXResourcesBuildPhase;
			buildActionMask = 2147483647;
			files = (
				B74DF3A41F34955500405847 /* LaunchScreen.storyboard in Resources */,
				B7ED41F91F34B271006C24DC /* VRGSoftSwiftIOSKit.bundle in Resources */,
				B74DF3AC1F34A3FC00405847 /* VRGSoftSwiftIOSKit.podspec in Resources */,
				B74DF3A11F34955500405847 /* Assets.xcassets in Resources */,
				B74DF39F1F34955500405847 /* Main.storyboard in Resources */,
			);
			runOnlyForDeploymentPostprocessing = 0;
		};
/* End PBXResourcesBuildPhase section */

/* Begin PBXShellScriptBuildPhase section */
		2A3C395059087DB161CCCE44 /* [CP] Copy Pods Resources */ = {
			isa = PBXShellScriptBuildPhase;
			buildActionMask = 2147483647;
			files = (
			);
			inputPaths = (
			);
			name = "[CP] Copy Pods Resources";
			outputPaths = (
			);
			runOnlyForDeploymentPostprocessing = 0;
			shellPath = /bin/sh;
			shellScript = "\"${SRCROOT}/Pods/Target Support Files/Pods-VRGSoftSwiftIOSKit/Pods-VRGSoftSwiftIOSKit-resources.sh\"\n";
			showEnvVarsInLog = 0;
		};
		8047E08A137C9DA4DBABE677 /* [CP] Check Pods Manifest.lock */ = {
			isa = PBXShellScriptBuildPhase;
			buildActionMask = 2147483647;
			files = (
			);
			inputPaths = (
			);
			name = "[CP] Check Pods Manifest.lock";
			outputPaths = (
			);
			runOnlyForDeploymentPostprocessing = 0;
			shellPath = /bin/sh;
			shellScript = "diff \"${PODS_ROOT}/../Podfile.lock\" \"${PODS_ROOT}/Manifest.lock\" > /dev/null\nif [ $? != 0 ] ; then\n    # print error to STDERR\n    echo \"error: The sandbox is not in sync with the Podfile.lock. Run 'pod install' or update your CocoaPods installation.\" >&2\n    exit 1\nfi\n";
			showEnvVarsInLog = 0;
		};
		C66E164DD5DA24212F9ED3EE /* [CP] Embed Pods Frameworks */ = {
			isa = PBXShellScriptBuildPhase;
			buildActionMask = 2147483647;
			files = (
			);
			inputPaths = (
			);
			name = "[CP] Embed Pods Frameworks";
			outputPaths = (
			);
			runOnlyForDeploymentPostprocessing = 0;
			shellPath = /bin/sh;
			shellScript = "\"${SRCROOT}/Pods/Target Support Files/Pods-VRGSoftSwiftIOSKit/Pods-VRGSoftSwiftIOSKit-frameworks.sh\"\n";
			showEnvVarsInLog = 0;
		};
/* End PBXShellScriptBuildPhase section */

/* Begin PBXSourcesBuildPhase section */
		B74DF3921F34955500405847 /* Sources */ = {
			isa = PBXSourcesBuildPhase;
			buildActionMask = 2147483647;
			files = (
				B74DF39C1F34955500405847 /* ViewController.swift in Sources */,
				B7F833DA1F39FC2200B0BC67 /* SMTextView.swift in Sources */,
				B7F833FD1F39FC2200B0BC67 /* SMTableDisposerModeled.swift in Sources */,
				B7F833E81F39FC2200B0BC67 /* UIImage+Help.swift in Sources */,
				B7F833D01F39FC2200B0BC67 /* SMActivityPKHUD.swift in Sources */,
				B7F833E01F39FC2200B0BC67 /* SMFetcherWithRequest.swift in Sources */,
				B7F833DC1F39FC2200B0BC67 /* SMDataFetcherProtocol.swift in Sources */,
				B7F833D21F39FC2200B0BC67 /* SMNativePullToRefreshAdapter.swift in Sources */,
				B7F833F91F39FC2200B0BC67 /* SMCell.swift in Sources */,
				B7F833EF1F39FC2200B0BC67 /* SMModuleListPaging.swift in Sources */,
				B71D37D81F3CA2D1007DD6EE /* SMKeyboardToolbar.swift in Sources */,
				B7F833FE1F39FC2200B0BC67 /* SMValidationGroup.swift in Sources */,
				B74DF39A1F34955500405847 /* AppDelegate.swift in Sources */,
				B7F833D81F39FC2200B0BC67 /* SMLabel.swift in Sources */,
				B7F833FA1F39FC2200B0BC67 /* SMSectionReadonly.swift in Sources */,
				B7F833FF1F39FC2200B0BC67 /* SMValidator.swift in Sources */,
				B7F833F71F39FC2200B0BC67 /* SMCellDataModeled.swift in Sources */,
				B7F833ED1F39FC2200B0BC67 /* UIView+PSSizes.swift in Sources */,
				B7F833E31F39FC2200B0BC67 /* SMGateway.swift in Sources */,
				B7F833DF1F39FC2200B0BC67 /* SMFetcherWithBlock.swift in Sources */,
				B7F833F51F39FC2200B0BC67 /* SMCellData.swift in Sources */,
				B750D16A1F3DD9D60086FEB7 /* SMToolbar.swift in Sources */,
				B7F833D11F39FC2200B0BC67 /* SMNativeMoreTableViewCell.swift in Sources */,
				B7F833E41F39FC2200B0BC67 /* SMGatewayConfigurator.swift in Sources */,
				B7F833E71F39FC2200B0BC67 /* UIButton+Help.swift in Sources */,
				B7F833CF1F39FC2200B0BC67 /* SMActivityAdapter.swift in Sources */,
				B7F833F21F39FC2200B0BC67 /* SMRequest.swift in Sources */,
				B71552411F3FAABB0073653B /* SMKeyboardAvoidingTableView.swift in Sources */,
				B7F833FC1F39FC2200B0BC67 /* SMTableDisposer.swift in Sources */,
				B7F833E61F39FC2200B0BC67 /* SMColor.swift in Sources */,
				B7F833E11F39FC2200B0BC67 /* SMFilter.swift in Sources */,
				B7F833E21F39FC2200B0BC67 /* SMFormatter.swift in Sources */,
				B7F833D71F39FC2200B0BC67 /* SMTitledID.swift in Sources */,
				B71D37D61F3CA07F007DD6EE /* SMKeyboardAvoiding.swift in Sources */,
				B7F833D61F39FC2200B0BC67 /* SMTargetAction.swift in Sources */,
				B7F834011F39FC2200B0BC67 /* UIViewController+Help.swift in Sources */,
				B7F833D51F39FC2200B0BC67 /* SMPair.swift in Sources */,
				B7F833F61F39FC2200B0BC67 /* SMCellDataMaped.swift in Sources */,
				B7F833F81F39FC2200B0BC67 /* SMCellProtocol.swift in Sources */,
				B7F833E51F39FC2200B0BC67 /* SMGatewayRequest.swift in Sources */,
				B7F833DD1F39FC2200B0BC67 /* SMFetcherIntoStorage.swift in Sources */,
				B7F833D91F39FC2200B0BC67 /* SMTextField.swift in Sources */,
				B7F833F41F39FC2200B0BC67 /* SMResponse.swift in Sources */,
				B7F833E91F39FC2200B0BC67 /* UIImageView+Help.swift in Sources */,
				B7F833FB1F39FC2200B0BC67 /* SMSectionWritable.swift in Sources */,
				B7F833EC1F39FC2200B0BC67 /* UIView+Help.swift in Sources */,
				B71D37DA1F3CA585007DD6EE /* SMKeyboardAvoidingScrollView.swift in Sources */,
				B7F833F11F39FC2200B0BC67 /* SMDataBaseRequest.swift in Sources */,
				B7F833EE1F39FC2200B0BC67 /* SMModuleList.swift in Sources */,
				B7F833DB1F39FC2200B0BC67 /* SMStorage.swift in Sources */,
				B7F833EB1F39FC2200B0BC67 /* UIView+Animation.swift in Sources */,
				B7F833D41F39FC2200B0BC67 /* SMAlertController.swift in Sources */,
				B7F833D31F39FC2200B0BC67 /* SMPullToRefreshAdapter.swift in Sources */,
				B7F833DE1F39FC2200B0BC67 /* SMFetcherMessage.swift in Sources */,
				B7F834001F39FC2200B0BC67 /* SMViewController.swift in Sources */,
				B7F833EA1F39FC2200B0BC67 /* UILabel+Help.swift in Sources */,
				B7F833F01F39FC2200B0BC67 /* SMModuleRemotePushes.swift in Sources */,
			);
			runOnlyForDeploymentPostprocessing = 0;
		};
/* End PBXSourcesBuildPhase section */

/* Begin PBXVariantGroup section */
		B74DF39D1F34955500405847 /* Main.storyboard */ = {
			isa = PBXVariantGroup;
			children = (
				B74DF39E1F34955500405847 /* Base */,
			);
			name = Main.storyboard;
			sourceTree = "<group>";
		};
		B74DF3A21F34955500405847 /* LaunchScreen.storyboard */ = {
			isa = PBXVariantGroup;
			children = (
				B74DF3A31F34955500405847 /* Base */,
			);
			name = LaunchScreen.storyboard;
			sourceTree = "<group>";
		};
/* End PBXVariantGroup section */

/* Begin XCBuildConfiguration section */
		B74DF3A61F34955500405847 /* Debug */ = {
			isa = XCBuildConfiguration;
			buildSettings = {
				ALWAYS_SEARCH_USER_PATHS = NO;
				CLANG_ANALYZER_NONNULL = YES;
				CLANG_ANALYZER_NUMBER_OBJECT_CONVERSION = YES_AGGRESSIVE;
				CLANG_CXX_LANGUAGE_STANDARD = "gnu++0x";
				CLANG_CXX_LIBRARY = "libc++";
				CLANG_ENABLE_MODULES = YES;
				CLANG_ENABLE_OBJC_ARC = YES;
				CLANG_WARN_BOOL_CONVERSION = YES;
				CLANG_WARN_CONSTANT_CONVERSION = YES;
				CLANG_WARN_DIRECT_OBJC_ISA_USAGE = YES_ERROR;
				CLANG_WARN_DOCUMENTATION_COMMENTS = YES;
				CLANG_WARN_EMPTY_BODY = YES;
				CLANG_WARN_ENUM_CONVERSION = YES;
				CLANG_WARN_INFINITE_RECURSION = YES;
				CLANG_WARN_INT_CONVERSION = YES;
				CLANG_WARN_OBJC_ROOT_CLASS = YES_ERROR;
				CLANG_WARN_SUSPICIOUS_MOVE = YES;
				CLANG_WARN_UNREACHABLE_CODE = YES;
				CLANG_WARN__DUPLICATE_METHOD_MATCH = YES;
				"CODE_SIGN_IDENTITY[sdk=iphoneos*]" = "iPhone Developer";
				COPY_PHASE_STRIP = NO;
				DEBUG_INFORMATION_FORMAT = dwarf;
				ENABLE_STRICT_OBJC_MSGSEND = YES;
				ENABLE_TESTABILITY = YES;
				GCC_C_LANGUAGE_STANDARD = gnu99;
				GCC_DYNAMIC_NO_PIC = NO;
				GCC_NO_COMMON_BLOCKS = YES;
				GCC_OPTIMIZATION_LEVEL = 0;
				GCC_PREPROCESSOR_DEFINITIONS = (
					"DEBUG=1",
					"$(inherited)",
				);
				GCC_WARN_64_TO_32_BIT_CONVERSION = YES;
				GCC_WARN_ABOUT_RETURN_TYPE = YES_ERROR;
				GCC_WARN_UNDECLARED_SELECTOR = YES;
				GCC_WARN_UNINITIALIZED_AUTOS = YES_AGGRESSIVE;
				GCC_WARN_UNUSED_FUNCTION = YES;
				GCC_WARN_UNUSED_VARIABLE = YES;
				IPHONEOS_DEPLOYMENT_TARGET = 10.3;
				MTL_ENABLE_DEBUG_INFO = YES;
				ONLY_ACTIVE_ARCH = YES;
				SDKROOT = iphoneos;
				SWIFT_ACTIVE_COMPILATION_CONDITIONS = DEBUG;
				SWIFT_OPTIMIZATION_LEVEL = "-Onone";
				TARGETED_DEVICE_FAMILY = "1,2";
			};
			name = Debug;
		};
		B74DF3A71F34955500405847 /* Release */ = {
			isa = XCBuildConfiguration;
			buildSettings = {
				ALWAYS_SEARCH_USER_PATHS = NO;
				CLANG_ANALYZER_NONNULL = YES;
				CLANG_ANALYZER_NUMBER_OBJECT_CONVERSION = YES_AGGRESSIVE;
				CLANG_CXX_LANGUAGE_STANDARD = "gnu++0x";
				CLANG_CXX_LIBRARY = "libc++";
				CLANG_ENABLE_MODULES = YES;
				CLANG_ENABLE_OBJC_ARC = YES;
				CLANG_WARN_BOOL_CONVERSION = YES;
				CLANG_WARN_CONSTANT_CONVERSION = YES;
				CLANG_WARN_DIRECT_OBJC_ISA_USAGE = YES_ERROR;
				CLANG_WARN_DOCUMENTATION_COMMENTS = YES;
				CLANG_WARN_EMPTY_BODY = YES;
				CLANG_WARN_ENUM_CONVERSION = YES;
				CLANG_WARN_INFINITE_RECURSION = YES;
				CLANG_WARN_INT_CONVERSION = YES;
				CLANG_WARN_OBJC_ROOT_CLASS = YES_ERROR;
				CLANG_WARN_SUSPICIOUS_MOVE = YES;
				CLANG_WARN_UNREACHABLE_CODE = YES;
				CLANG_WARN__DUPLICATE_METHOD_MATCH = YES;
				"CODE_SIGN_IDENTITY[sdk=iphoneos*]" = "iPhone Developer";
				COPY_PHASE_STRIP = NO;
				DEBUG_INFORMATION_FORMAT = "dwarf-with-dsym";
				ENABLE_NS_ASSERTIONS = NO;
				ENABLE_STRICT_OBJC_MSGSEND = YES;
				GCC_C_LANGUAGE_STANDARD = gnu99;
				GCC_NO_COMMON_BLOCKS = YES;
				GCC_WARN_64_TO_32_BIT_CONVERSION = YES;
				GCC_WARN_ABOUT_RETURN_TYPE = YES_ERROR;
				GCC_WARN_UNDECLARED_SELECTOR = YES;
				GCC_WARN_UNINITIALIZED_AUTOS = YES_AGGRESSIVE;
				GCC_WARN_UNUSED_FUNCTION = YES;
				GCC_WARN_UNUSED_VARIABLE = YES;
				IPHONEOS_DEPLOYMENT_TARGET = 10.3;
				MTL_ENABLE_DEBUG_INFO = NO;
				SDKROOT = iphoneos;
				SWIFT_OPTIMIZATION_LEVEL = "-Owholemodule";
				TARGETED_DEVICE_FAMILY = "1,2";
				VALIDATE_PRODUCT = YES;
			};
			name = Release;
		};
		B74DF3A91F34955500405847 /* Debug */ = {
			isa = XCBuildConfiguration;
			baseConfigurationReference = 74D214329718139F3B918BE8 /* Pods-VRGSoftSwiftIOSKit.debug.xcconfig */;
			buildSettings = {
				ASSETCATALOG_COMPILER_APPICON_NAME = AppIcon;
				INFOPLIST_FILE = VRGSoftSwiftIOSKit/Info.plist;
				IPHONEOS_DEPLOYMENT_TARGET = 10.0;
				LD_RUNPATH_SEARCH_PATHS = "$(inherited) @executable_path/Frameworks";
				PRODUCT_BUNDLE_IDENTIFIER = VRGSoft.VRGSoftSwiftIOSKit;
				PRODUCT_NAME = "$(TARGET_NAME)";
				SWIFT_VERSION = 3.0;
			};
			name = Debug;
		};
		B74DF3AA1F34955500405847 /* Release */ = {
			isa = XCBuildConfiguration;
			baseConfigurationReference = E744888B69F1358D3BD7E3F5 /* Pods-VRGSoftSwiftIOSKit.release.xcconfig */;
			buildSettings = {
				ASSETCATALOG_COMPILER_APPICON_NAME = AppIcon;
				INFOPLIST_FILE = VRGSoftSwiftIOSKit/Info.plist;
				IPHONEOS_DEPLOYMENT_TARGET = 10.0;
				LD_RUNPATH_SEARCH_PATHS = "$(inherited) @executable_path/Frameworks";
				PRODUCT_BUNDLE_IDENTIFIER = VRGSoft.VRGSoftSwiftIOSKit;
				PRODUCT_NAME = "$(TARGET_NAME)";
				SWIFT_VERSION = 3.0;
			};
			name = Release;
		};
/* End XCBuildConfiguration section */

/* Begin XCConfigurationList section */
		B74DF3911F34955500405847 /* Build configuration list for PBXProject "VRGSoftSwiftIOSKit" */ = {
			isa = XCConfigurationList;
			buildConfigurations = (
				B74DF3A61F34955500405847 /* Debug */,
				B74DF3A71F34955500405847 /* Release */,
			);
			defaultConfigurationIsVisible = 0;
			defaultConfigurationName = Release;
		};
		B74DF3A81F34955500405847 /* Build configuration list for PBXNativeTarget "VRGSoftSwiftIOSKit" */ = {
			isa = XCConfigurationList;
			buildConfigurations = (
				B74DF3A91F34955500405847 /* Debug */,
				B74DF3AA1F34955500405847 /* Release */,
			);
			defaultConfigurationIsVisible = 0;
			defaultConfigurationName = Release;
		};
/* End XCConfigurationList section */
	};
	rootObject = B74DF38E1F34955500405847 /* Project object */;
}
