// !$*UTF8*$!
{
	archiveVersion = 1;
	classes = {
	};
	objectVersion = 46;
	objects = {

/* Begin PBXBuildFile section */
		442C1DDCEB2B2B292945F835 /* Pods_VRGSoftSwiftIOSKit.framework in Frameworks */ = {isa = PBXBuildFile; fileRef = 8BC56EDC4EEA30A01FF18969 /* Pods_VRGSoftSwiftIOSKit.framework */; };
		B74DF39A1F34955500405847 /* AppDelegate.swift in Sources */ = {isa = PBXBuildFile; fileRef = B74DF3991F34955500405847 /* AppDelegate.swift */; };
		B74DF39C1F34955500405847 /* ViewController.swift in Sources */ = {isa = PBXBuildFile; fileRef = B74DF39B1F34955500405847 /* ViewController.swift */; };
		B74DF39F1F34955500405847 /* Main.storyboard in Resources */ = {isa = PBXBuildFile; fileRef = B74DF39D1F34955500405847 /* Main.storyboard */; };
		B74DF3A11F34955500405847 /* Assets.xcassets in Resources */ = {isa = PBXBuildFile; fileRef = B74DF3A01F34955500405847 /* Assets.xcassets */; };
		B74DF3A41F34955500405847 /* LaunchScreen.storyboard in Resources */ = {isa = PBXBuildFile; fileRef = B74DF3A21F34955500405847 /* LaunchScreen.storyboard */; };
		B74DF3AC1F34A3FC00405847 /* VRGSoftSwiftIOSKit.podspec in Resources */ = {isa = PBXBuildFile; fileRef = B74DF3AB1F34A3FC00405847 /* VRGSoftSwiftIOSKit.podspec */; };
		B795858B20455FFB00F7BF6C /* SMAlertController.swift in Sources */ = {isa = PBXBuildFile; fileRef = B795852F20455FFA00F7BF6C /* SMAlertController.swift */; };
		B795858C20455FFB00F7BF6C /* SMResponse.swift in Sources */ = {isa = PBXBuildFile; fileRef = B795853120455FFA00F7BF6C /* SMResponse.swift */; };
		B795858D20455FFB00F7BF6C /* SMDataFetcherProtocol.swift in Sources */ = {isa = PBXBuildFile; fileRef = B795853320455FFA00F7BF6C /* SMDataFetcherProtocol.swift */; };
		B795858E20455FFB00F7BF6C /* SMFetcherWithBlock.swift in Sources */ = {isa = PBXBuildFile; fileRef = B795853420455FFA00F7BF6C /* SMFetcherWithBlock.swift */; };
		B795858F20455FFB00F7BF6C /* SMFetcherIntoStorage.swift in Sources */ = {isa = PBXBuildFile; fileRef = B795853520455FFA00F7BF6C /* SMFetcherIntoStorage.swift */; };
		B795859020455FFB00F7BF6C /* SMFetcherMessage.swift in Sources */ = {isa = PBXBuildFile; fileRef = B795853620455FFA00F7BF6C /* SMFetcherMessage.swift */; };
		B795859120455FFB00F7BF6C /* SMFetcherWithRequest.swift in Sources */ = {isa = PBXBuildFile; fileRef = B795853720455FFA00F7BF6C /* SMFetcherWithRequest.swift */; };
		B795859220455FFB00F7BF6C /* SMCell.swift in Sources */ = {isa = PBXBuildFile; fileRef = B795853B20455FFA00F7BF6C /* SMCell.swift */; };
		B795859320455FFB00F7BF6C /* SMSectionWritable.swift in Sources */ = {isa = PBXBuildFile; fileRef = B795853D20455FFA00F7BF6C /* SMSectionWritable.swift */; };
		B795859420455FFB00F7BF6C /* SMSectionReadonly.swift in Sources */ = {isa = PBXBuildFile; fileRef = B795853E20455FFA00F7BF6C /* SMSectionReadonly.swift */; };
		B795859520455FFB00F7BF6C /* SMTableDisposerModeled.swift in Sources */ = {isa = PBXBuildFile; fileRef = B795854020455FFA00F7BF6C /* SMTableDisposerModeled.swift */; };
		B795859620455FFB00F7BF6C /* SMTableDisposer.swift in Sources */ = {isa = PBXBuildFile; fileRef = B795854120455FFA00F7BF6C /* SMTableDisposer.swift */; };
		B795859720455FFB00F7BF6C /* SMCellData.swift in Sources */ = {isa = PBXBuildFile; fileRef = B795854420455FFA00F7BF6C /* SMCellData.swift */; };
		B795859820455FFB00F7BF6C /* SMCellDataModeled.swift in Sources */ = {isa = PBXBuildFile; fileRef = B795854520455FFA00F7BF6C /* SMCellDataModeled.swift */; };
		B795859920455FFB00F7BF6C /* SMCellDataMaped.swift in Sources */ = {isa = PBXBuildFile; fileRef = B795854620455FFA00F7BF6C /* SMCellDataMaped.swift */; };
		B795859A20455FFB00F7BF6C /* SMCellProtocol.swift in Sources */ = {isa = PBXBuildFile; fileRef = B795854720455FFA00F7BF6C /* SMCellProtocol.swift */; };
		B795859B20455FFB00F7BF6C /* SMStorage.swift in Sources */ = {isa = PBXBuildFile; fileRef = B795854920455FFA00F7BF6C /* SMStorage.swift */; };
		B795859C20455FFB00F7BF6C /* SMLabel.swift in Sources */ = {isa = PBXBuildFile; fileRef = B795854B20455FFA00F7BF6C /* SMLabel.swift */; };
		B795859D20455FFB00F7BF6C /* SMPopupTimePicker.swift in Sources */ = {isa = PBXBuildFile; fileRef = B795854D20455FFA00F7BF6C /* SMPopupTimePicker.swift */; };
		B795859E20455FFB00F7BF6C /* SMPopupDateTimePicker.swift in Sources */ = {isa = PBXBuildFile; fileRef = B795854E20455FFA00F7BF6C /* SMPopupDateTimePicker.swift */; };
		B795859F20455FFB00F7BF6C /* SMPopupPickerItemTitled.swift in Sources */ = {isa = PBXBuildFile; fileRef = B795854F20455FFA00F7BF6C /* SMPopupPickerItemTitled.swift */; };
		B79585A020455FFB00F7BF6C /* SMPopupDatePicker.swift in Sources */ = {isa = PBXBuildFile; fileRef = B795855020455FFA00F7BF6C /* SMPopupDatePicker.swift */; };
		B79585A120455FFB00F7BF6C /* SMPopupCustomSimplePicker.swift in Sources */ = {isa = PBXBuildFile; fileRef = B795855120455FFA00F7BF6C /* SMPopupCustomSimplePicker.swift */; };
		B79585A220455FFB00F7BF6C /* SMPopupHoursMinutesPicker.swift in Sources */ = {isa = PBXBuildFile; fileRef = B795855220455FFA00F7BF6C /* SMPopupHoursMinutesPicker.swift */; };
		B79585A320455FFB00F7BF6C /* SMPopupView.swift in Sources */ = {isa = PBXBuildFile; fileRef = B795855320455FFA00F7BF6C /* SMPopupView.swift */; };
		B79585A420455FFB00F7BF6C /* SMPopupSimplePicker.swift in Sources */ = {isa = PBXBuildFile; fileRef = B795855420455FFA00F7BF6C /* SMPopupSimplePicker.swift */; };
		B79585A520455FFB00F7BF6C /* SMPopupViewController.swift in Sources */ = {isa = PBXBuildFile; fileRef = B795855520455FFA00F7BF6C /* SMPopupViewController.swift */; };
		B79585A620455FFB00F7BF6C /* SMPopoverViewController.swift in Sources */ = {isa = PBXBuildFile; fileRef = B795855620455FFA00F7BF6C /* SMPopoverViewController.swift */; };
		B79585A720455FFB00F7BF6C /* SMPopupPicker.swift in Sources */ = {isa = PBXBuildFile; fileRef = B795855720455FFA00F7BF6C /* SMPopupPicker.swift */; };
		B79585A820455FFB00F7BF6C /* SMKeyboardAvoiding.swift in Sources */ = {isa = PBXBuildFile; fileRef = B795855920455FFA00F7BF6C /* SMKeyboardAvoiding.swift */; };
		B79585A920455FFB00F7BF6C /* SMKeyboardAvoidingTableView.swift in Sources */ = {isa = PBXBuildFile; fileRef = B795855A20455FFA00F7BF6C /* SMKeyboardAvoidingTableView.swift */; };
		B79585AA20455FFB00F7BF6C /* SMKeyboardAvoidingScrollView.swift in Sources */ = {isa = PBXBuildFile; fileRef = B795855B20455FFA00F7BF6C /* SMKeyboardAvoidingScrollView.swift */; };
		B79585AB20455FFB00F7BF6C /* SMKeyboardToolbar.swift in Sources */ = {isa = PBXBuildFile; fileRef = B795855C20455FFA00F7BF6C /* SMKeyboardToolbar.swift */; };
		B79585AC20455FFB00F7BF6C /* SMTextField.swift in Sources */ = {isa = PBXBuildFile; fileRef = B795855D20455FFA00F7BF6C /* SMTextField.swift */; };
		B79585AD20455FFB00F7BF6C /* SMTextView.swift in Sources */ = {isa = PBXBuildFile; fileRef = B795855E20455FFA00F7BF6C /* SMTextView.swift */; };
		B79585AE20455FFB00F7BF6C /* SMToolbar.swift in Sources */ = {isa = PBXBuildFile; fileRef = B795855F20455FFA00F7BF6C /* SMToolbar.swift */; };
		B79585AF20455FFB00F7BF6C /* SMFormatter.swift in Sources */ = {isa = PBXBuildFile; fileRef = B795856120455FFA00F7BF6C /* SMFormatter.swift */; };
		B79585B020455FFB00F7BF6C /* SMViewController.swift in Sources */ = {isa = PBXBuildFile; fileRef = B795856320455FFA00F7BF6C /* SMViewController.swift */; };
		B79585B120455FFB00F7BF6C /* UIViewController+Help.swift in Sources */ = {isa = PBXBuildFile; fileRef = B795856420455FFA00F7BF6C /* UIViewController+Help.swift */; };
		B79585B220455FFB00F7BF6C /* SMActivityAdapter.swift in Sources */ = {isa = PBXBuildFile; fileRef = B795856620455FFB00F7BF6C /* SMActivityAdapter.swift */; };
		B79585B320455FFB00F7BF6C /* SMPullToRefreshAdapter.swift in Sources */ = {isa = PBXBuildFile; fileRef = B795856720455FFB00F7BF6C /* SMPullToRefreshAdapter.swift */; };
		B79585B420455FFB00F7BF6C /* SMNativePullToRefreshAdapter.swift in Sources */ = {isa = PBXBuildFile; fileRef = B795856820455FFB00F7BF6C /* SMNativePullToRefreshAdapter.swift */; };
		B79585B520455FFB00F7BF6C /* SMNativeActivityAdapter.swift in Sources */ = {isa = PBXBuildFile; fileRef = B795856920455FFB00F7BF6C /* SMNativeActivityAdapter.swift */; };
		B79585B620455FFB00F7BF6C /* SMNativeMoreTableViewCell.swift in Sources */ = {isa = PBXBuildFile; fileRef = B795856A20455FFB00F7BF6C /* SMNativeMoreTableViewCell.swift */; };
		B79585B720455FFB00F7BF6C /* SMRequest.swift in Sources */ = {isa = PBXBuildFile; fileRef = B795856C20455FFB00F7BF6C /* SMRequest.swift */; };
		B79585B820455FFB00F7BF6C /* SMDataBaseRequest.swift in Sources */ = {isa = PBXBuildFile; fileRef = B795856D20455FFB00F7BF6C /* SMDataBaseRequest.swift */; };
		B79585B920455FFB00F7BF6C /* SMValidator.swift in Sources */ = {isa = PBXBuildFile; fileRef = B795856F20455FFB00F7BF6C /* SMValidator.swift */; };
		B79585BA20455FFB00F7BF6C /* SMValidationGroup.swift in Sources */ = {isa = PBXBuildFile; fileRef = B795857020455FFB00F7BF6C /* SMValidationGroup.swift */; };
		B79585BB20455FFB00F7BF6C /* SMFilter.swift in Sources */ = {isa = PBXBuildFile; fileRef = B795857220455FFB00F7BF6C /* SMFilter.swift */; };
		B79585BC20455FFB00F7BF6C /* SMModuleListPaging.swift in Sources */ = {isa = PBXBuildFile; fileRef = B795857420455FFB00F7BF6C /* SMModuleListPaging.swift */; };
		B79585BD20455FFB00F7BF6C /* SMModuleList.swift in Sources */ = {isa = PBXBuildFile; fileRef = B795857520455FFB00F7BF6C /* SMModuleList.swift */; };
		B79585BE20455FFB00F7BF6C /* SMModuleRemotePushes.swift in Sources */ = {isa = PBXBuildFile; fileRef = B795857620455FFB00F7BF6C /* SMModuleRemotePushes.swift */; };
		B79585BF20455FFB00F7BF6C /* SMMulticastDelegate.swift in Sources */ = {isa = PBXBuildFile; fileRef = B795857820455FFB00F7BF6C /* SMMulticastDelegate.swift */; };
		B79585C020455FFB00F7BF6C /* SMTargetAction.swift in Sources */ = {isa = PBXBuildFile; fileRef = B795857A20455FFB00F7BF6C /* SMTargetAction.swift */; };
		B79585C120455FFB00F7BF6C /* SMTitledID.swift in Sources */ = {isa = PBXBuildFile; fileRef = B795857B20455FFB00F7BF6C /* SMTitledID.swift */; };
		B79585C220455FFB00F7BF6C /* SMPair.swift in Sources */ = {isa = PBXBuildFile; fileRef = B795857C20455FFB00F7BF6C /* SMPair.swift */; };
		B79585C320455FFB00F7BF6C /* UILabel+Help.swift in Sources */ = {isa = PBXBuildFile; fileRef = B795857E20455FFB00F7BF6C /* UILabel+Help.swift */; };
		B79585C420455FFB00F7BF6C /* UIView+Help.swift in Sources */ = {isa = PBXBuildFile; fileRef = B795857F20455FFB00F7BF6C /* UIView+Help.swift */; };
		B79585C520455FFB00F7BF6C /* SMHelper.swift in Sources */ = {isa = PBXBuildFile; fileRef = B795858020455FFB00F7BF6C /* SMHelper.swift */; };
		B79585C620455FFB00F7BF6C /* UIButton+Help.swift in Sources */ = {isa = PBXBuildFile; fileRef = B795858120455FFB00F7BF6C /* UIButton+Help.swift */; };
		B79585C720455FFB00F7BF6C /* UIImage+Help.swift in Sources */ = {isa = PBXBuildFile; fileRef = B795858220455FFB00F7BF6C /* UIImage+Help.swift */; };
		B79585C820455FFB00F7BF6C /* UIImageView+Help.swift in Sources */ = {isa = PBXBuildFile; fileRef = B795858320455FFB00F7BF6C /* UIImageView+Help.swift */; };
		B79585C920455FFB00F7BF6C /* UIView+PSSizes.swift in Sources */ = {isa = PBXBuildFile; fileRef = B795858420455FFB00F7BF6C /* UIView+PSSizes.swift */; };
		B79585CA20455FFB00F7BF6C /* SMColor.swift in Sources */ = {isa = PBXBuildFile; fileRef = B795858520455FFB00F7BF6C /* SMColor.swift */; };
		B79585CB20455FFB00F7BF6C /* UIView+Animation.swift in Sources */ = {isa = PBXBuildFile; fileRef = B795858620455FFB00F7BF6C /* UIView+Animation.swift */; };
		B79585CC20455FFB00F7BF6C /* SMGatewayRequest.swift in Sources */ = {isa = PBXBuildFile; fileRef = B795858820455FFB00F7BF6C /* SMGatewayRequest.swift */; };
		B79585CD20455FFB00F7BF6C /* SMGatewayConfigurator.swift in Sources */ = {isa = PBXBuildFile; fileRef = B795858920455FFB00F7BF6C /* SMGatewayConfigurator.swift */; };
		B79585CE20455FFB00F7BF6C /* SMGateway.swift in Sources */ = {isa = PBXBuildFile; fileRef = B795858A20455FFB00F7BF6C /* SMGateway.swift */; };
		B7ED41F91F34B271006C24DC /* VRGSoftSwiftIOSKit.bundle in Resources */ = {isa = PBXBuildFile; fileRef = B7ED41F81F34B271006C24DC /* VRGSoftSwiftIOSKit.bundle */; };
/* End PBXBuildFile section */

/* Begin PBXFileReference section */
		74D214329718139F3B918BE8 /* Pods-VRGSoftSwiftIOSKit.debug.xcconfig */ = {isa = PBXFileReference; includeInIndex = 1; lastKnownFileType = text.xcconfig; name = "Pods-VRGSoftSwiftIOSKit.debug.xcconfig"; path = "Pods/Target Support Files/Pods-VRGSoftSwiftIOSKit/Pods-VRGSoftSwiftIOSKit.debug.xcconfig"; sourceTree = "<group>"; };
		8BC56EDC4EEA30A01FF18969 /* Pods_VRGSoftSwiftIOSKit.framework */ = {isa = PBXFileReference; explicitFileType = wrapper.framework; includeInIndex = 0; path = Pods_VRGSoftSwiftIOSKit.framework; sourceTree = BUILT_PRODUCTS_DIR; };
		B74DF3961F34955500405847 /* VRGSoftSwiftIOSKit.app */ = {isa = PBXFileReference; explicitFileType = wrapper.application; includeInIndex = 0; path = VRGSoftSwiftIOSKit.app; sourceTree = BUILT_PRODUCTS_DIR; };
		B74DF3991F34955500405847 /* AppDelegate.swift */ = {isa = PBXFileReference; lastKnownFileType = sourcecode.swift; path = AppDelegate.swift; sourceTree = "<group>"; };
		B74DF39B1F34955500405847 /* ViewController.swift */ = {isa = PBXFileReference; lastKnownFileType = sourcecode.swift; path = ViewController.swift; sourceTree = "<group>"; };
		B74DF39E1F34955500405847 /* Base */ = {isa = PBXFileReference; lastKnownFileType = file.storyboard; name = Base; path = Base.lproj/Main.storyboard; sourceTree = "<group>"; };
		B74DF3A01F34955500405847 /* Assets.xcassets */ = {isa = PBXFileReference; lastKnownFileType = folder.assetcatalog; path = Assets.xcassets; sourceTree = "<group>"; };
		B74DF3A31F34955500405847 /* Base */ = {isa = PBXFileReference; lastKnownFileType = file.storyboard; name = Base; path = Base.lproj/LaunchScreen.storyboard; sourceTree = "<group>"; };
		B74DF3A51F34955500405847 /* Info.plist */ = {isa = PBXFileReference; lastKnownFileType = text.plist.xml; path = Info.plist; sourceTree = "<group>"; };
		B74DF3AB1F34A3FC00405847 /* VRGSoftSwiftIOSKit.podspec */ = {isa = PBXFileReference; fileEncoding = 4; lastKnownFileType = text; path = VRGSoftSwiftIOSKit.podspec; sourceTree = "<group>"; };
		B795852F20455FFA00F7BF6C /* SMAlertController.swift */ = {isa = PBXFileReference; fileEncoding = 4; lastKnownFileType = sourcecode.swift; path = SMAlertController.swift; sourceTree = "<group>"; };
		B795853120455FFA00F7BF6C /* SMResponse.swift */ = {isa = PBXFileReference; fileEncoding = 4; lastKnownFileType = sourcecode.swift; path = SMResponse.swift; sourceTree = "<group>"; };
		B795853320455FFA00F7BF6C /* SMDataFetcherProtocol.swift */ = {isa = PBXFileReference; fileEncoding = 4; lastKnownFileType = sourcecode.swift; path = SMDataFetcherProtocol.swift; sourceTree = "<group>"; };
		B795853420455FFA00F7BF6C /* SMFetcherWithBlock.swift */ = {isa = PBXFileReference; fileEncoding = 4; lastKnownFileType = sourcecode.swift; path = SMFetcherWithBlock.swift; sourceTree = "<group>"; };
		B795853520455FFA00F7BF6C /* SMFetcherIntoStorage.swift */ = {isa = PBXFileReference; fileEncoding = 4; lastKnownFileType = sourcecode.swift; path = SMFetcherIntoStorage.swift; sourceTree = "<group>"; };
		B795853620455FFA00F7BF6C /* SMFetcherMessage.swift */ = {isa = PBXFileReference; fileEncoding = 4; lastKnownFileType = sourcecode.swift; path = SMFetcherMessage.swift; sourceTree = "<group>"; };
		B795853720455FFA00F7BF6C /* SMFetcherWithRequest.swift */ = {isa = PBXFileReference; fileEncoding = 4; lastKnownFileType = sourcecode.swift; path = SMFetcherWithRequest.swift; sourceTree = "<group>"; };
		B795853B20455FFA00F7BF6C /* SMCell.swift */ = {isa = PBXFileReference; fileEncoding = 4; lastKnownFileType = sourcecode.swift; path = SMCell.swift; sourceTree = "<group>"; };
		B795853D20455FFA00F7BF6C /* SMSectionWritable.swift */ = {isa = PBXFileReference; fileEncoding = 4; lastKnownFileType = sourcecode.swift; path = SMSectionWritable.swift; sourceTree = "<group>"; };
		B795853E20455FFA00F7BF6C /* SMSectionReadonly.swift */ = {isa = PBXFileReference; fileEncoding = 4; lastKnownFileType = sourcecode.swift; path = SMSectionReadonly.swift; sourceTree = "<group>"; };
		B795854020455FFA00F7BF6C /* SMTableDisposerModeled.swift */ = {isa = PBXFileReference; fileEncoding = 4; lastKnownFileType = sourcecode.swift; path = SMTableDisposerModeled.swift; sourceTree = "<group>"; };
		B795854120455FFA00F7BF6C /* SMTableDisposer.swift */ = {isa = PBXFileReference; fileEncoding = 4; lastKnownFileType = sourcecode.swift; path = SMTableDisposer.swift; sourceTree = "<group>"; };
		B795854420455FFA00F7BF6C /* SMCellData.swift */ = {isa = PBXFileReference; fileEncoding = 4; lastKnownFileType = sourcecode.swift; path = SMCellData.swift; sourceTree = "<group>"; };
		B795854520455FFA00F7BF6C /* SMCellDataModeled.swift */ = {isa = PBXFileReference; fileEncoding = 4; lastKnownFileType = sourcecode.swift; path = SMCellDataModeled.swift; sourceTree = "<group>"; };
		B795854620455FFA00F7BF6C /* SMCellDataMaped.swift */ = {isa = PBXFileReference; fileEncoding = 4; lastKnownFileType = sourcecode.swift; path = SMCellDataMaped.swift; sourceTree = "<group>"; };
		B795854720455FFA00F7BF6C /* SMCellProtocol.swift */ = {isa = PBXFileReference; fileEncoding = 4; lastKnownFileType = sourcecode.swift; path = SMCellProtocol.swift; sourceTree = "<group>"; };
		B795854920455FFA00F7BF6C /* SMStorage.swift */ = {isa = PBXFileReference; fileEncoding = 4; lastKnownFileType = sourcecode.swift; path = SMStorage.swift; sourceTree = "<group>"; };
		B795854B20455FFA00F7BF6C /* SMLabel.swift */ = {isa = PBXFileReference; fileEncoding = 4; lastKnownFileType = sourcecode.swift; path = SMLabel.swift; sourceTree = "<group>"; };
		B795854D20455FFA00F7BF6C /* SMPopupTimePicker.swift */ = {isa = PBXFileReference; fileEncoding = 4; lastKnownFileType = sourcecode.swift; path = SMPopupTimePicker.swift; sourceTree = "<group>"; };
		B795854E20455FFA00F7BF6C /* SMPopupDateTimePicker.swift */ = {isa = PBXFileReference; fileEncoding = 4; lastKnownFileType = sourcecode.swift; path = SMPopupDateTimePicker.swift; sourceTree = "<group>"; };
		B795854F20455FFA00F7BF6C /* SMPopupPickerItemTitled.swift */ = {isa = PBXFileReference; fileEncoding = 4; lastKnownFileType = sourcecode.swift; path = SMPopupPickerItemTitled.swift; sourceTree = "<group>"; };
		B795855020455FFA00F7BF6C /* SMPopupDatePicker.swift */ = {isa = PBXFileReference; fileEncoding = 4; lastKnownFileType = sourcecode.swift; path = SMPopupDatePicker.swift; sourceTree = "<group>"; };
		B795855120455FFA00F7BF6C /* SMPopupCustomSimplePicker.swift */ = {isa = PBXFileReference; fileEncoding = 4; lastKnownFileType = sourcecode.swift; path = SMPopupCustomSimplePicker.swift; sourceTree = "<group>"; };
		B795855220455FFA00F7BF6C /* SMPopupHoursMinutesPicker.swift */ = {isa = PBXFileReference; fileEncoding = 4; lastKnownFileType = sourcecode.swift; path = SMPopupHoursMinutesPicker.swift; sourceTree = "<group>"; };
		B795855320455FFA00F7BF6C /* SMPopupView.swift */ = {isa = PBXFileReference; fileEncoding = 4; lastKnownFileType = sourcecode.swift; path = SMPopupView.swift; sourceTree = "<group>"; };
		B795855420455FFA00F7BF6C /* SMPopupSimplePicker.swift */ = {isa = PBXFileReference; fileEncoding = 4; lastKnownFileType = sourcecode.swift; path = SMPopupSimplePicker.swift; sourceTree = "<group>"; };
		B795855520455FFA00F7BF6C /* SMPopupViewController.swift */ = {isa = PBXFileReference; fileEncoding = 4; lastKnownFileType = sourcecode.swift; path = SMPopupViewController.swift; sourceTree = "<group>"; };
		B795855620455FFA00F7BF6C /* SMPopoverViewController.swift */ = {isa = PBXFileReference; fileEncoding = 4; lastKnownFileType = sourcecode.swift; path = SMPopoverViewController.swift; sourceTree = "<group>"; };
		B795855720455FFA00F7BF6C /* SMPopupPicker.swift */ = {isa = PBXFileReference; fileEncoding = 4; lastKnownFileType = sourcecode.swift; path = SMPopupPicker.swift; sourceTree = "<group>"; };
		B795855920455FFA00F7BF6C /* SMKeyboardAvoiding.swift */ = {isa = PBXFileReference; fileEncoding = 4; lastKnownFileType = sourcecode.swift; path = SMKeyboardAvoiding.swift; sourceTree = "<group>"; };
		B795855A20455FFA00F7BF6C /* SMKeyboardAvoidingTableView.swift */ = {isa = PBXFileReference; fileEncoding = 4; lastKnownFileType = sourcecode.swift; path = SMKeyboardAvoidingTableView.swift; sourceTree = "<group>"; };
		B795855B20455FFA00F7BF6C /* SMKeyboardAvoidingScrollView.swift */ = {isa = PBXFileReference; fileEncoding = 4; lastKnownFileType = sourcecode.swift; path = SMKeyboardAvoidingScrollView.swift; sourceTree = "<group>"; };
		B795855C20455FFA00F7BF6C /* SMKeyboardToolbar.swift */ = {isa = PBXFileReference; fileEncoding = 4; lastKnownFileType = sourcecode.swift; path = SMKeyboardToolbar.swift; sourceTree = "<group>"; };
		B795855D20455FFA00F7BF6C /* SMTextField.swift */ = {isa = PBXFileReference; fileEncoding = 4; lastKnownFileType = sourcecode.swift; path = SMTextField.swift; sourceTree = "<group>"; };
		B795855E20455FFA00F7BF6C /* SMTextView.swift */ = {isa = PBXFileReference; fileEncoding = 4; lastKnownFileType = sourcecode.swift; path = SMTextView.swift; sourceTree = "<group>"; };
		B795855F20455FFA00F7BF6C /* SMToolbar.swift */ = {isa = PBXFileReference; fileEncoding = 4; lastKnownFileType = sourcecode.swift; path = SMToolbar.swift; sourceTree = "<group>"; };
		B795856120455FFA00F7BF6C /* SMFormatter.swift */ = {isa = PBXFileReference; fileEncoding = 4; lastKnownFileType = sourcecode.swift; path = SMFormatter.swift; sourceTree = "<group>"; };
		B795856320455FFA00F7BF6C /* SMViewController.swift */ = {isa = PBXFileReference; fileEncoding = 4; lastKnownFileType = sourcecode.swift; path = SMViewController.swift; sourceTree = "<group>"; };
		B795856420455FFA00F7BF6C /* UIViewController+Help.swift */ = {isa = PBXFileReference; fileEncoding = 4; lastKnownFileType = sourcecode.swift; path = "UIViewController+Help.swift"; sourceTree = "<group>"; };
		B795856620455FFB00F7BF6C /* SMActivityAdapter.swift */ = {isa = PBXFileReference; fileEncoding = 4; lastKnownFileType = sourcecode.swift; path = SMActivityAdapter.swift; sourceTree = "<group>"; };
		B795856720455FFB00F7BF6C /* SMPullToRefreshAdapter.swift */ = {isa = PBXFileReference; fileEncoding = 4; lastKnownFileType = sourcecode.swift; path = SMPullToRefreshAdapter.swift; sourceTree = "<group>"; };
		B795856820455FFB00F7BF6C /* SMNativePullToRefreshAdapter.swift */ = {isa = PBXFileReference; fileEncoding = 4; lastKnownFileType = sourcecode.swift; path = SMNativePullToRefreshAdapter.swift; sourceTree = "<group>"; };
		B795856920455FFB00F7BF6C /* SMNativeActivityAdapter.swift */ = {isa = PBXFileReference; fileEncoding = 4; lastKnownFileType = sourcecode.swift; path = SMNativeActivityAdapter.swift; sourceTree = "<group>"; };
		B795856A20455FFB00F7BF6C /* SMNativeMoreTableViewCell.swift */ = {isa = PBXFileReference; fileEncoding = 4; lastKnownFileType = sourcecode.swift; path = SMNativeMoreTableViewCell.swift; sourceTree = "<group>"; };
		B795856C20455FFB00F7BF6C /* SMRequest.swift */ = {isa = PBXFileReference; fileEncoding = 4; lastKnownFileType = sourcecode.swift; path = SMRequest.swift; sourceTree = "<group>"; };
		B795856D20455FFB00F7BF6C /* SMDataBaseRequest.swift */ = {isa = PBXFileReference; fileEncoding = 4; lastKnownFileType = sourcecode.swift; path = SMDataBaseRequest.swift; sourceTree = "<group>"; };
		B795856F20455FFB00F7BF6C /* SMValidator.swift */ = {isa = PBXFileReference; fileEncoding = 4; lastKnownFileType = sourcecode.swift; path = SMValidator.swift; sourceTree = "<group>"; };
		B795857020455FFB00F7BF6C /* SMValidationGroup.swift */ = {isa = PBXFileReference; fileEncoding = 4; lastKnownFileType = sourcecode.swift; path = SMValidationGroup.swift; sourceTree = "<group>"; };
		B795857220455FFB00F7BF6C /* SMFilter.swift */ = {isa = PBXFileReference; fileEncoding = 4; lastKnownFileType = sourcecode.swift; path = SMFilter.swift; sourceTree = "<group>"; };
		B795857420455FFB00F7BF6C /* SMModuleListPaging.swift */ = {isa = PBXFileReference; fileEncoding = 4; lastKnownFileType = sourcecode.swift; path = SMModuleListPaging.swift; sourceTree = "<group>"; };
		B795857520455FFB00F7BF6C /* SMModuleList.swift */ = {isa = PBXFileReference; fileEncoding = 4; lastKnownFileType = sourcecode.swift; path = SMModuleList.swift; sourceTree = "<group>"; };
		B795857620455FFB00F7BF6C /* SMModuleRemotePushes.swift */ = {isa = PBXFileReference; fileEncoding = 4; lastKnownFileType = sourcecode.swift; path = SMModuleRemotePushes.swift; sourceTree = "<group>"; };
		B795857820455FFB00F7BF6C /* SMMulticastDelegate.swift */ = {isa = PBXFileReference; fileEncoding = 4; lastKnownFileType = sourcecode.swift; path = SMMulticastDelegate.swift; sourceTree = "<group>"; };
		B795857A20455FFB00F7BF6C /* SMTargetAction.swift */ = {isa = PBXFileReference; fileEncoding = 4; lastKnownFileType = sourcecode.swift; path = SMTargetAction.swift; sourceTree = "<group>"; };
		B795857B20455FFB00F7BF6C /* SMTitledID.swift */ = {isa = PBXFileReference; fileEncoding = 4; lastKnownFileType = sourcecode.swift; path = SMTitledID.swift; sourceTree = "<group>"; };
		B795857C20455FFB00F7BF6C /* SMPair.swift */ = {isa = PBXFileReference; fileEncoding = 4; lastKnownFileType = sourcecode.swift; path = SMPair.swift; sourceTree = "<group>"; };
		B795857E20455FFB00F7BF6C /* UILabel+Help.swift */ = {isa = PBXFileReference; fileEncoding = 4; lastKnownFileType = sourcecode.swift; path = "UILabel+Help.swift"; sourceTree = "<group>"; };
		B795857F20455FFB00F7BF6C /* UIView+Help.swift */ = {isa = PBXFileReference; fileEncoding = 4; lastKnownFileType = sourcecode.swift; path = "UIView+Help.swift"; sourceTree = "<group>"; };
		B795858020455FFB00F7BF6C /* SMHelper.swift */ = {isa = PBXFileReference; fileEncoding = 4; lastKnownFileType = sourcecode.swift; path = SMHelper.swift; sourceTree = "<group>"; };
		B795858120455FFB00F7BF6C /* UIButton+Help.swift */ = {isa = PBXFileReference; fileEncoding = 4; lastKnownFileType = sourcecode.swift; path = "UIButton+Help.swift"; sourceTree = "<group>"; };
		B795858220455FFB00F7BF6C /* UIImage+Help.swift */ = {isa = PBXFileReference; fileEncoding = 4; lastKnownFileType = sourcecode.swift; path = "UIImage+Help.swift"; sourceTree = "<group>"; };
		B795858320455FFB00F7BF6C /* UIImageView+Help.swift */ = {isa = PBXFileReference; fileEncoding = 4; lastKnownFileType = sourcecode.swift; path = "UIImageView+Help.swift"; sourceTree = "<group>"; };
		B795858420455FFB00F7BF6C /* UIView+PSSizes.swift */ = {isa = PBXFileReference; fileEncoding = 4; lastKnownFileType = sourcecode.swift; path = "UIView+PSSizes.swift"; sourceTree = "<group>"; };
		B795858520455FFB00F7BF6C /* SMColor.swift */ = {isa = PBXFileReference; fileEncoding = 4; lastKnownFileType = sourcecode.swift; path = SMColor.swift; sourceTree = "<group>"; };
		B795858620455FFB00F7BF6C /* UIView+Animation.swift */ = {isa = PBXFileReference; fileEncoding = 4; lastKnownFileType = sourcecode.swift; path = "UIView+Animation.swift"; sourceTree = "<group>"; };
		B795858820455FFB00F7BF6C /* SMGatewayRequest.swift */ = {isa = PBXFileReference; fileEncoding = 4; lastKnownFileType = sourcecode.swift; path = SMGatewayRequest.swift; sourceTree = "<group>"; };
		B795858920455FFB00F7BF6C /* SMGatewayConfigurator.swift */ = {isa = PBXFileReference; fileEncoding = 4; lastKnownFileType = sourcecode.swift; path = SMGatewayConfigurator.swift; sourceTree = "<group>"; };
		B795858A20455FFB00F7BF6C /* SMGateway.swift */ = {isa = PBXFileReference; fileEncoding = 4; lastKnownFileType = sourcecode.swift; path = SMGateway.swift; sourceTree = "<group>"; };
		B7ED41F81F34B271006C24DC /* VRGSoftSwiftIOSKit.bundle */ = {isa = PBXFileReference; lastKnownFileType = "wrapper.plug-in"; path = VRGSoftSwiftIOSKit.bundle; sourceTree = "<group>"; };
		E744888B69F1358D3BD7E3F5 /* Pods-VRGSoftSwiftIOSKit.release.xcconfig */ = {isa = PBXFileReference; includeInIndex = 1; lastKnownFileType = text.xcconfig; name = "Pods-VRGSoftSwiftIOSKit.release.xcconfig"; path = "Pods/Target Support Files/Pods-VRGSoftSwiftIOSKit/Pods-VRGSoftSwiftIOSKit.release.xcconfig"; sourceTree = "<group>"; };
/* End PBXFileReference section */

/* Begin PBXFrameworksBuildPhase section */
		B74DF3931F34955500405847 /* Frameworks */ = {
			isa = PBXFrameworksBuildPhase;
			buildActionMask = 2147483647;
			files = (
				442C1DDCEB2B2B292945F835 /* Pods_VRGSoftSwiftIOSKit.framework in Frameworks */,
			);
			runOnlyForDeploymentPostprocessing = 0;
		};
/* End PBXFrameworksBuildPhase section */

/* Begin PBXGroup section */
		585C76D6BBCBEE819A29BC44 /* Pods */ = {
			isa = PBXGroup;
			children = (
				74D214329718139F3B918BE8 /* Pods-VRGSoftSwiftIOSKit.debug.xcconfig */,
				E744888B69F1358D3BD7E3F5 /* Pods-VRGSoftSwiftIOSKit.release.xcconfig */,
			);
			name = Pods;
			sourceTree = "<group>";
		};
		B74DF38D1F34955500405847 = {
			isa = PBXGroup;
			children = (
				B74DF3AB1F34A3FC00405847 /* VRGSoftSwiftIOSKit.podspec */,
				B74DF3981F34955500405847 /* VRGSoftSwiftIOSKit */,
				B74DF3971F34955500405847 /* Products */,
				585C76D6BBCBEE819A29BC44 /* Pods */,
				E57EA640F164A220DF80EC71 /* Frameworks */,
			);
			sourceTree = "<group>";
		};
		B74DF3971F34955500405847 /* Products */ = {
			isa = PBXGroup;
			children = (
				B74DF3961F34955500405847 /* VRGSoftSwiftIOSKit.app */,
			);
			name = Products;
			sourceTree = "<group>";
		};
		B74DF3981F34955500405847 /* VRGSoftSwiftIOSKit */ = {
			isa = PBXGroup;
			children = (
				B795852D20455FFA00F7BF6C /* Core */,
				B7ED41F71F34B1B6006C24DC /* Resources */,
				B74DF3991F34955500405847 /* AppDelegate.swift */,
				B74DF39B1F34955500405847 /* ViewController.swift */,
				B74DF39D1F34955500405847 /* Main.storyboard */,
				B74DF3A01F34955500405847 /* Assets.xcassets */,
				B74DF3A21F34955500405847 /* LaunchScreen.storyboard */,
				B74DF3A51F34955500405847 /* Info.plist */,
			);
			path = VRGSoftSwiftIOSKit;
			sourceTree = "<group>";
		};
		B795852D20455FFA00F7BF6C /* Core */ = {
			isa = PBXGroup;
			children = (
				B795852E20455FFA00F7BF6C /* AlertController */,
				B795853020455FFA00F7BF6C /* Response */,
				B795853220455FFA00F7BF6C /* Fetcher */,
				B795853820455FFA00F7BF6C /* TableDisposer */,
				B795854820455FFA00F7BF6C /* CoreData */,
				B795854A20455FFA00F7BF6C /* Controls */,
				B795856020455FFA00F7BF6C /* Formatter */,
				B795856220455FFA00F7BF6C /* Vc */,
				B795856520455FFA00F7BF6C /* Activities */,
				B795856B20455FFB00F7BF6C /* Request */,
				B795856E20455FFB00F7BF6C /* Validators */,
				B795857120455FFB00F7BF6C /* Filter */,
				B795857320455FFB00F7BF6C /* Modules */,
				B795857720455FFB00F7BF6C /* MulticastDelegate */,
				B795857920455FFB00F7BF6C /* Base */,
				B795857D20455FFB00F7BF6C /* Help */,
				B795858720455FFB00F7BF6C /* Gateway */,
			);
			path = Core;
			sourceTree = "<group>";
		};
		B795852E20455FFA00F7BF6C /* AlertController */ = {
			isa = PBXGroup;
			children = (
				B795852F20455FFA00F7BF6C /* SMAlertController.swift */,
			);
			path = AlertController;
			sourceTree = "<group>";
		};
		B795853020455FFA00F7BF6C /* Response */ = {
			isa = PBXGroup;
			children = (
				B795853120455FFA00F7BF6C /* SMResponse.swift */,
			);
			path = Response;
			sourceTree = "<group>";
		};
		B795853220455FFA00F7BF6C /* Fetcher */ = {
			isa = PBXGroup;
			children = (
				B795853320455FFA00F7BF6C /* SMDataFetcherProtocol.swift */,
				B795853420455FFA00F7BF6C /* SMFetcherWithBlock.swift */,
				B795853520455FFA00F7BF6C /* SMFetcherIntoStorage.swift */,
				B795853620455FFA00F7BF6C /* SMFetcherMessage.swift */,
				B795853720455FFA00F7BF6C /* SMFetcherWithRequest.swift */,
			);
			path = Fetcher;
			sourceTree = "<group>";
		};
		B795853820455FFA00F7BF6C /* TableDisposer */ = {
			isa = PBXGroup;
			children = (
				B795853920455FFA00F7BF6C /* Cells */,
				B795853C20455FFA00F7BF6C /* Sections */,
				B795853F20455FFA00F7BF6C /* TableDisposers */,
				B795854220455FFA00F7BF6C /* CellDatas */,
			);
			path = TableDisposer;
			sourceTree = "<group>";
		};
		B795853920455FFA00F7BF6C /* Cells */ = {
			isa = PBXGroup;
			children = (
				B795853A20455FFA00F7BF6C /* Base */,
			);
			path = Cells;
			sourceTree = "<group>";
		};
		B795853A20455FFA00F7BF6C /* Base */ = {
			isa = PBXGroup;
			children = (
				B795853B20455FFA00F7BF6C /* SMCell.swift */,
			);
			path = Base;
			sourceTree = "<group>";
		};
		B795853C20455FFA00F7BF6C /* Sections */ = {
			isa = PBXGroup;
			children = (
				B795853D20455FFA00F7BF6C /* SMSectionWritable.swift */,
				B795853E20455FFA00F7BF6C /* SMSectionReadonly.swift */,
			);
			path = Sections;
			sourceTree = "<group>";
		};
		B795853F20455FFA00F7BF6C /* TableDisposers */ = {
			isa = PBXGroup;
			children = (
				B795854020455FFA00F7BF6C /* SMTableDisposerModeled.swift */,
				B795854120455FFA00F7BF6C /* SMTableDisposer.swift */,
			);
			path = TableDisposers;
			sourceTree = "<group>";
		};
		B795854220455FFA00F7BF6C /* CellDatas */ = {
			isa = PBXGroup;
			children = (
				B795854320455FFA00F7BF6C /* Base */,
			);
			path = CellDatas;
			sourceTree = "<group>";
		};
		B795854320455FFA00F7BF6C /* Base */ = {
			isa = PBXGroup;
			children = (
				B795854420455FFA00F7BF6C /* SMCellData.swift */,
				B795854520455FFA00F7BF6C /* SMCellDataModeled.swift */,
				B795854620455FFA00F7BF6C /* SMCellDataMaped.swift */,
				B795854720455FFA00F7BF6C /* SMCellProtocol.swift */,
			);
			path = Base;
			sourceTree = "<group>";
		};
		B795854820455FFA00F7BF6C /* CoreData */ = {
			isa = PBXGroup;
			children = (
				B795854920455FFA00F7BF6C /* SMStorage.swift */,
			);
			path = CoreData;
			sourceTree = "<group>";
		};
		B795854A20455FFA00F7BF6C /* Controls */ = {
			isa = PBXGroup;
			children = (
				B795854B20455FFA00F7BF6C /* SMLabel.swift */,
				B795854C20455FFA00F7BF6C /* Popup */,
				B795855820455FFA00F7BF6C /* KeyboardAvoiding */,
				B795855D20455FFA00F7BF6C /* SMTextField.swift */,
				B795855E20455FFA00F7BF6C /* SMTextView.swift */,
				B795855F20455FFA00F7BF6C /* SMToolbar.swift */,
			);
			path = Controls;
			sourceTree = "<group>";
		};
		B795854C20455FFA00F7BF6C /* Popup */ = {
			isa = PBXGroup;
			children = (
				B795854D20455FFA00F7BF6C /* SMPopupTimePicker.swift */,
				B795854E20455FFA00F7BF6C /* SMPopupDateTimePicker.swift */,
				B795854F20455FFA00F7BF6C /* SMPopupPickerItemTitled.swift */,
				B795855020455FFA00F7BF6C /* SMPopupDatePicker.swift */,
				B795855120455FFA00F7BF6C /* SMPopupCustomSimplePicker.swift */,
				B795855220455FFA00F7BF6C /* SMPopupHoursMinutesPicker.swift */,
				B795855320455FFA00F7BF6C /* SMPopupView.swift */,
				B795855420455FFA00F7BF6C /* SMPopupSimplePicker.swift */,
				B795855520455FFA00F7BF6C /* SMPopupViewController.swift */,
				B795855620455FFA00F7BF6C /* SMPopoverViewController.swift */,
				B795855720455FFA00F7BF6C /* SMPopupPicker.swift */,
			);
			path = Popup;
			sourceTree = "<group>";
		};
		B795855820455FFA00F7BF6C /* KeyboardAvoiding */ = {
			isa = PBXGroup;
			children = (
				B795855920455FFA00F7BF6C /* SMKeyboardAvoiding.swift */,
				B795855A20455FFA00F7BF6C /* SMKeyboardAvoidingTableView.swift */,
				B795855B20455FFA00F7BF6C /* SMKeyboardAvoidingScrollView.swift */,
				B795855C20455FFA00F7BF6C /* SMKeyboardToolbar.swift */,
			);
			path = KeyboardAvoiding;
			sourceTree = "<group>";
		};
		B795856020455FFA00F7BF6C /* Formatter */ = {
			isa = PBXGroup;
			children = (
				B795856120455FFA00F7BF6C /* SMFormatter.swift */,
			);
			path = Formatter;
			sourceTree = "<group>";
		};
		B795856220455FFA00F7BF6C /* Vc */ = {
			isa = PBXGroup;
			children = (
				B795856320455FFA00F7BF6C /* SMViewController.swift */,
				B795856420455FFA00F7BF6C /* UIViewController+Help.swift */,
			);
			path = Vc;
			sourceTree = "<group>";
		};
		B795856520455FFA00F7BF6C /* Activities */ = {
			isa = PBXGroup;
			children = (
				B795856620455FFB00F7BF6C /* SMActivityAdapter.swift */,
				B795856720455FFB00F7BF6C /* SMPullToRefreshAdapter.swift */,
				B795856820455FFB00F7BF6C /* SMNativePullToRefreshAdapter.swift */,
				B795856920455FFB00F7BF6C /* SMNativeActivityAdapter.swift */,
				B795856A20455FFB00F7BF6C /* SMNativeMoreTableViewCell.swift */,
			);
			path = Activities;
			sourceTree = "<group>";
		};
		B795856B20455FFB00F7BF6C /* Request */ = {
			isa = PBXGroup;
			children = (
				B795856C20455FFB00F7BF6C /* SMRequest.swift */,
				B795856D20455FFB00F7BF6C /* SMDataBaseRequest.swift */,
			);
			path = Request;
			sourceTree = "<group>";
		};
		B795856E20455FFB00F7BF6C /* Validators */ = {
			isa = PBXGroup;
			children = (
				B795856F20455FFB00F7BF6C /* SMValidator.swift */,
				B795857020455FFB00F7BF6C /* SMValidationGroup.swift */,
			);
			path = Validators;
			sourceTree = "<group>";
		};
		B795857120455FFB00F7BF6C /* Filter */ = {
			isa = PBXGroup;
			children = (
				B795857220455FFB00F7BF6C /* SMFilter.swift */,
			);
			path = Filter;
			sourceTree = "<group>";
		};
		B795857320455FFB00F7BF6C /* Modules */ = {
			isa = PBXGroup;
			children = (
				B795857420455FFB00F7BF6C /* SMModuleListPaging.swift */,
				B795857520455FFB00F7BF6C /* SMModuleList.swift */,
				B795857620455FFB00F7BF6C /* SMModuleRemotePushes.swift */,
			);
			path = Modules;
			sourceTree = "<group>";
		};
		B795857720455FFB00F7BF6C /* MulticastDelegate */ = {
			isa = PBXGroup;
			children = (
				B795857820455FFB00F7BF6C /* SMMulticastDelegate.swift */,
			);
			path = MulticastDelegate;
			sourceTree = "<group>";
		};
		B795857920455FFB00F7BF6C /* Base */ = {
			isa = PBXGroup;
			children = (
				B795857A20455FFB00F7BF6C /* SMTargetAction.swift */,
				B795857B20455FFB00F7BF6C /* SMTitledID.swift */,
				B795857C20455FFB00F7BF6C /* SMPair.swift */,
			);
			path = Base;
			sourceTree = "<group>";
		};
		B795857D20455FFB00F7BF6C /* Help */ = {
			isa = PBXGroup;
			children = (
				B795857E20455FFB00F7BF6C /* UILabel+Help.swift */,
				B795857F20455FFB00F7BF6C /* UIView+Help.swift */,
				B795858020455FFB00F7BF6C /* SMHelper.swift */,
				B795858120455FFB00F7BF6C /* UIButton+Help.swift */,
				B795858220455FFB00F7BF6C /* UIImage+Help.swift */,
				B795858320455FFB00F7BF6C /* UIImageView+Help.swift */,
				B795858420455FFB00F7BF6C /* UIView+PSSizes.swift */,
				B795858520455FFB00F7BF6C /* SMColor.swift */,
				B795858620455FFB00F7BF6C /* UIView+Animation.swift */,
			);
			path = Help;
			sourceTree = "<group>";
		};
		B795858720455FFB00F7BF6C /* Gateway */ = {
			isa = PBXGroup;
			children = (
				B795858820455FFB00F7BF6C /* SMGatewayRequest.swift */,
				B795858920455FFB00F7BF6C /* SMGatewayConfigurator.swift */,
				B795858A20455FFB00F7BF6C /* SMGateway.swift */,
			);
			path = Gateway;
			sourceTree = "<group>";
		};
		B7ED41F71F34B1B6006C24DC /* Resources */ = {
			isa = PBXGroup;
			children = (
				B7ED41F81F34B271006C24DC /* VRGSoftSwiftIOSKit.bundle */,
			);
			path = Resources;
			sourceTree = "<group>";
		};
		E57EA640F164A220DF80EC71 /* Frameworks */ = {
			isa = PBXGroup;
			children = (
				8BC56EDC4EEA30A01FF18969 /* Pods_VRGSoftSwiftIOSKit.framework */,
			);
			name = Frameworks;
			sourceTree = "<group>";
		};
/* End PBXGroup section */

/* Begin PBXNativeTarget section */
		B74DF3951F34955500405847 /* VRGSoftSwiftIOSKit */ = {
			isa = PBXNativeTarget;
			buildConfigurationList = B74DF3A81F34955500405847 /* Build configuration list for PBXNativeTarget "VRGSoftSwiftIOSKit" */;
			buildPhases = (
				8047E08A137C9DA4DBABE677 /* [CP] Check Pods Manifest.lock */,
				B74DF3921F34955500405847 /* Sources */,
				B74DF3931F34955500405847 /* Frameworks */,
				B74DF3941F34955500405847 /* Resources */,
				C66E164DD5DA24212F9ED3EE /* [CP] Embed Pods Frameworks */,
				2A3C395059087DB161CCCE44 /* [CP] Copy Pods Resources */,
			);
			buildRules = (
			);
			dependencies = (
			);
			name = VRGSoftSwiftIOSKit;
			productName = VRGSoftSwiftIOSKit;
			productReference = B74DF3961F34955500405847 /* VRGSoftSwiftIOSKit.app */;
			productType = "com.apple.product-type.application";
		};
/* End PBXNativeTarget section */

/* Begin PBXProject section */
		B74DF38E1F34955500405847 /* Project object */ = {
			isa = PBXProject;
			attributes = {
				LastSwiftUpdateCheck = 0830;
				LastUpgradeCheck = 0920;
				ORGANIZATIONNAME = "OLEKSANDR SEMENIUK";
				TargetAttributes = {
					B74DF3951F34955500405847 = {
						CreatedOnToolsVersion = 8.3.3;
						ProvisioningStyle = Automatic;
					};
				};
			};
			buildConfigurationList = B74DF3911F34955500405847 /* Build configuration list for PBXProject "VRGSoftSwiftIOSKit" */;
			compatibilityVersion = "Xcode 3.2";
			developmentRegion = English;
			hasScannedForEncodings = 0;
			knownRegions = (
				en,
				Base,
			);
			mainGroup = B74DF38D1F34955500405847;
			productRefGroup = B74DF3971F34955500405847 /* Products */;
			projectDirPath = "";
			projectRoot = "";
			targets = (
				B74DF3951F34955500405847 /* VRGSoftSwiftIOSKit */,
			);
		};
/* End PBXProject section */

/* Begin PBXResourcesBuildPhase section */
		B74DF3941F34955500405847 /* Resources */ = {
			isa = PBXResourcesBuildPhase;
			buildActionMask = 2147483647;
			files = (
				B74DF3A41F34955500405847 /* LaunchScreen.storyboard in Resources */,
				B7ED41F91F34B271006C24DC /* VRGSoftSwiftIOSKit.bundle in Resources */,
				B74DF3AC1F34A3FC00405847 /* VRGSoftSwiftIOSKit.podspec in Resources */,
				B74DF3A11F34955500405847 /* Assets.xcassets in Resources */,
				B74DF39F1F34955500405847 /* Main.storyboard in Resources */,
			);
			runOnlyForDeploymentPostprocessing = 0;
		};
/* End PBXResourcesBuildPhase section */

/* Begin PBXShellScriptBuildPhase section */
		2A3C395059087DB161CCCE44 /* [CP] Copy Pods Resources */ = {
			isa = PBXShellScriptBuildPhase;
			buildActionMask = 2147483647;
			files = (
			);
			inputPaths = (
			);
			name = "[CP] Copy Pods Resources";
			outputPaths = (
			);
			runOnlyForDeploymentPostprocessing = 0;
			shellPath = /bin/sh;
			shellScript = "\"${SRCROOT}/Pods/Target Support Files/Pods-VRGSoftSwiftIOSKit/Pods-VRGSoftSwiftIOSKit-resources.sh\"\n";
			showEnvVarsInLog = 0;
		};
		8047E08A137C9DA4DBABE677 /* [CP] Check Pods Manifest.lock */ = {
			isa = PBXShellScriptBuildPhase;
			buildActionMask = 2147483647;
			files = (
			);
			inputPaths = (
				"${PODS_PODFILE_DIR_PATH}/Podfile.lock",
				"${PODS_ROOT}/Manifest.lock",
			);
			name = "[CP] Check Pods Manifest.lock";
			outputPaths = (
				"$(DERIVED_FILE_DIR)/Pods-VRGSoftSwiftIOSKit-checkManifestLockResult.txt",
			);
			runOnlyForDeploymentPostprocessing = 0;
			shellPath = /bin/sh;
			shellScript = "diff \"${PODS_PODFILE_DIR_PATH}/Podfile.lock\" \"${PODS_ROOT}/Manifest.lock\" > /dev/null\nif [ $? != 0 ] ; then\n    # print error to STDERR\n    echo \"error: The sandbox is not in sync with the Podfile.lock. Run 'pod install' or update your CocoaPods installation.\" >&2\n    exit 1\nfi\n# This output is used by Xcode 'outputs' to avoid re-running this script phase.\necho \"SUCCESS\" > \"${SCRIPT_OUTPUT_FILE_0}\"\n";
			showEnvVarsInLog = 0;
		};
		C66E164DD5DA24212F9ED3EE /* [CP] Embed Pods Frameworks */ = {
			isa = PBXShellScriptBuildPhase;
			buildActionMask = 2147483647;
			files = (
			);
			inputPaths = (
				"${SRCROOT}/Pods/Target Support Files/Pods-VRGSoftSwiftIOSKit/Pods-VRGSoftSwiftIOSKit-frameworks.sh",
				"${BUILT_PRODUCTS_DIR}/Alamofire/Alamofire.framework",
			);
			name = "[CP] Embed Pods Frameworks";
			outputPaths = (
				"${TARGET_BUILD_DIR}/${FRAMEWORKS_FOLDER_PATH}/Alamofire.framework",
			);
			runOnlyForDeploymentPostprocessing = 0;
			shellPath = /bin/sh;
			shellScript = "\"${SRCROOT}/Pods/Target Support Files/Pods-VRGSoftSwiftIOSKit/Pods-VRGSoftSwiftIOSKit-frameworks.sh\"\n";
			showEnvVarsInLog = 0;
		};
/* End PBXShellScriptBuildPhase section */

/* Begin PBXSourcesBuildPhase section */
		B74DF3921F34955500405847 /* Sources */ = {
			isa = PBXSourcesBuildPhase;
			buildActionMask = 2147483647;
			files = (
				B795859520455FFB00F7BF6C /* SMTableDisposerModeled.swift in Sources */,
				B79585C820455FFB00F7BF6C /* UIImageView+Help.swift in Sources */,
				B79585AC20455FFB00F7BF6C /* SMTextField.swift in Sources */,
				B79585B220455FFB00F7BF6C /* SMActivityAdapter.swift in Sources */,
				B79585AF20455FFB00F7BF6C /* SMFormatter.swift in Sources */,
				B79585C920455FFB00F7BF6C /* UIView+PSSizes.swift in Sources */,
				B74DF39C1F34955500405847 /* ViewController.swift in Sources */,
				B79585C420455FFB00F7BF6C /* UIView+Help.swift in Sources */,
				B79585C620455FFB00F7BF6C /* UIButton+Help.swift in Sources */,
				B79585A020455FFB00F7BF6C /* SMPopupDatePicker.swift in Sources */,
				B795858D20455FFB00F7BF6C /* SMDataFetcherProtocol.swift in Sources */,
				B79585A420455FFB00F7BF6C /* SMPopupSimplePicker.swift in Sources */,
				B79585C320455FFB00F7BF6C /* UILabel+Help.swift in Sources */,
				B79585A220455FFB00F7BF6C /* SMPopupHoursMinutesPicker.swift in Sources */,
				B79585B620455FFB00F7BF6C /* SMNativeMoreTableViewCell.swift in Sources */,
				B79585AE20455FFB00F7BF6C /* SMToolbar.swift in Sources */,
				B79585A620455FFB00F7BF6C /* SMPopoverViewController.swift in Sources */,
				B79585CD20455FFB00F7BF6C /* SMGatewayConfigurator.swift in Sources */,
				B79585C020455FFB00F7BF6C /* SMTargetAction.swift in Sources */,
				B79585A720455FFB00F7BF6C /* SMPopupPicker.swift in Sources */,
				B795859F20455FFB00F7BF6C /* SMPopupPickerItemTitled.swift in Sources */,
				B79585A120455FFB00F7BF6C /* SMPopupCustomSimplePicker.swift in Sources */,
				B79585B520455FFB00F7BF6C /* SMNativeActivityAdapter.swift in Sources */,
				B79585C220455FFB00F7BF6C /* SMPair.swift in Sources */,
				B79585CE20455FFB00F7BF6C /* SMGateway.swift in Sources */,
				B79585B920455FFB00F7BF6C /* SMValidator.swift in Sources */,
				B79585BE20455FFB00F7BF6C /* SMModuleRemotePushes.swift in Sources */,
				B79585B820455FFB00F7BF6C /* SMDataBaseRequest.swift in Sources */,
				B79585B720455FFB00F7BF6C /* SMRequest.swift in Sources */,
				B79585A320455FFB00F7BF6C /* SMPopupView.swift in Sources */,
				B79585BB20455FFB00F7BF6C /* SMFilter.swift in Sources */,
				B79585BA20455FFB00F7BF6C /* SMValidationGroup.swift in Sources */,
				B79585AA20455FFB00F7BF6C /* SMKeyboardAvoidingScrollView.swift in Sources */,
				B79585BF20455FFB00F7BF6C /* SMMulticastDelegate.swift in Sources */,
				B795859720455FFB00F7BF6C /* SMCellData.swift in Sources */,
				B79585A920455FFB00F7BF6C /* SMKeyboardAvoidingTableView.swift in Sources */,
				B79585BD20455FFB00F7BF6C /* SMModuleList.swift in Sources */,
				B795858B20455FFB00F7BF6C /* SMAlertController.swift in Sources */,
				B795858F20455FFB00F7BF6C /* SMFetcherIntoStorage.swift in Sources */,
				B795859820455FFB00F7BF6C /* SMCellDataModeled.swift in Sources */,
				B79585AD20455FFB00F7BF6C /* SMTextView.swift in Sources */,
				B79585AB20455FFB00F7BF6C /* SMKeyboardToolbar.swift in Sources */,
				B79585B320455FFB00F7BF6C /* SMPullToRefreshAdapter.swift in Sources */,
				B79585CB20455FFB00F7BF6C /* UIView+Animation.swift in Sources */,
				B795859E20455FFB00F7BF6C /* SMPopupDateTimePicker.swift in Sources */,
				B795859A20455FFB00F7BF6C /* SMCellProtocol.swift in Sources */,
				B795859C20455FFB00F7BF6C /* SMLabel.swift in Sources */,
				B795858E20455FFB00F7BF6C /* SMFetcherWithBlock.swift in Sources */,
				B79585B420455FFB00F7BF6C /* SMNativePullToRefreshAdapter.swift in Sources */,
				B79585B120455FFB00F7BF6C /* UIViewController+Help.swift in Sources */,
				B79585CC20455FFB00F7BF6C /* SMGatewayRequest.swift in Sources */,
				B795859420455FFB00F7BF6C /* SMSectionReadonly.swift in Sources */,
				B795858C20455FFB00F7BF6C /* SMResponse.swift in Sources */,
				B79585A820455FFB00F7BF6C /* SMKeyboardAvoiding.swift in Sources */,
				B795859B20455FFB00F7BF6C /* SMStorage.swift in Sources */,
				B74DF39A1F34955500405847 /* AppDelegate.swift in Sources */,
				B79585A520455FFB00F7BF6C /* SMPopupViewController.swift in Sources */,
				B79585C720455FFB00F7BF6C /* UIImage+Help.swift in Sources */,
				B79585B020455FFB00F7BF6C /* SMViewController.swift in Sources */,
				B79585CA20455FFB00F7BF6C /* SMColor.swift in Sources */,
				B795859620455FFB00F7BF6C /* SMTableDisposer.swift in Sources */,
				B795859320455FFB00F7BF6C /* SMSectionWritable.swift in Sources */,
				B79585C120455FFB00F7BF6C /* SMTitledID.swift in Sources */,
				B79585C520455FFB00F7BF6C /* SMHelper.swift in Sources */,
				B795859920455FFB00F7BF6C /* SMCellDataMaped.swift in Sources */,
				B79585BC20455FFB00F7BF6C /* SMModuleListPaging.swift in Sources */,
				B795859220455FFB00F7BF6C /* SMCell.swift in Sources */,
				B795859120455FFB00F7BF6C /* SMFetcherWithRequest.swift in Sources */,
				B795859D20455FFB00F7BF6C /* SMPopupTimePicker.swift in Sources */,
				B795859020455FFB00F7BF6C /* SMFetcherMessage.swift in Sources */,
			);
			runOnlyForDeploymentPostprocessing = 0;
		};
/* End PBXSourcesBuildPhase section */

/* Begin PBXVariantGroup section */
		B74DF39D1F34955500405847 /* Main.storyboard */ = {
			isa = PBXVariantGroup;
			children = (
				B74DF39E1F34955500405847 /* Base */,
			);
			name = Main.storyboard;
			sourceTree = "<group>";
		};
		B74DF3A21F34955500405847 /* LaunchScreen.storyboard */ = {
			isa = PBXVariantGroup;
			children = (
				B74DF3A31F34955500405847 /* Base */,
			);
			name = LaunchScreen.storyboard;
			sourceTree = "<group>";
		};
/* End PBXVariantGroup section */

/* Begin XCBuildConfiguration section */
		B74DF3A61F34955500405847 /* Debug */ = {
			isa = XCBuildConfiguration;
			buildSettings = {
				ALWAYS_SEARCH_USER_PATHS = NO;
				CLANG_ANALYZER_NONNULL = YES;
				CLANG_ANALYZER_NUMBER_OBJECT_CONVERSION = YES_AGGRESSIVE;
				CLANG_CXX_LANGUAGE_STANDARD = "gnu++0x";
				CLANG_CXX_LIBRARY = "libc++";
				CLANG_ENABLE_MODULES = YES;
				CLANG_ENABLE_OBJC_ARC = YES;
				CLANG_WARN_BLOCK_CAPTURE_AUTORELEASING = YES;
				CLANG_WARN_BOOL_CONVERSION = YES;
				CLANG_WARN_COMMA = YES;
				CLANG_WARN_CONSTANT_CONVERSION = YES;
				CLANG_WARN_DIRECT_OBJC_ISA_USAGE = YES_ERROR;
				CLANG_WARN_DOCUMENTATION_COMMENTS = YES;
				CLANG_WARN_EMPTY_BODY = YES;
				CLANG_WARN_ENUM_CONVERSION = YES;
				CLANG_WARN_INFINITE_RECURSION = YES;
				CLANG_WARN_INT_CONVERSION = YES;
				CLANG_WARN_NON_LITERAL_NULL_CONVERSION = YES;
				CLANG_WARN_OBJC_LITERAL_CONVERSION = YES;
				CLANG_WARN_OBJC_ROOT_CLASS = YES_ERROR;
				CLANG_WARN_RANGE_LOOP_ANALYSIS = YES;
				CLANG_WARN_STRICT_PROTOTYPES = YES;
				CLANG_WARN_SUSPICIOUS_MOVE = YES;
				CLANG_WARN_UNREACHABLE_CODE = YES;
				CLANG_WARN__DUPLICATE_METHOD_MATCH = YES;
				"CODE_SIGN_IDENTITY[sdk=iphoneos*]" = "iPhone Developer";
				COPY_PHASE_STRIP = NO;
				DEBUG_INFORMATION_FORMAT = dwarf;
				ENABLE_STRICT_OBJC_MSGSEND = YES;
				ENABLE_TESTABILITY = YES;
				GCC_C_LANGUAGE_STANDARD = gnu99;
				GCC_DYNAMIC_NO_PIC = NO;
				GCC_NO_COMMON_BLOCKS = YES;
				GCC_OPTIMIZATION_LEVEL = 0;
				GCC_PREPROCESSOR_DEFINITIONS = (
					"DEBUG=1",
					"$(inherited)",
				);
				GCC_WARN_64_TO_32_BIT_CONVERSION = YES;
				GCC_WARN_ABOUT_RETURN_TYPE = YES_ERROR;
				GCC_WARN_UNDECLARED_SELECTOR = YES;
				GCC_WARN_UNINITIALIZED_AUTOS = YES_AGGRESSIVE;
				GCC_WARN_UNUSED_FUNCTION = YES;
				GCC_WARN_UNUSED_VARIABLE = YES;
				IPHONEOS_DEPLOYMENT_TARGET = 10.3;
				MTL_ENABLE_DEBUG_INFO = YES;
				ONLY_ACTIVE_ARCH = YES;
				SDKROOT = iphoneos;
				SWIFT_ACTIVE_COMPILATION_CONDITIONS = DEBUG;
				SWIFT_OPTIMIZATION_LEVEL = "-Onone";
				SWIFT_VERSION = 4.0;
				TARGETED_DEVICE_FAMILY = "1,2";
			};
			name = Debug;
		};
		B74DF3A71F34955500405847 /* Release */ = {
			isa = XCBuildConfiguration;
			buildSettings = {
				ALWAYS_SEARCH_USER_PATHS = NO;
				CLANG_ANALYZER_NONNULL = YES;
				CLANG_ANALYZER_NUMBER_OBJECT_CONVERSION = YES_AGGRESSIVE;
				CLANG_CXX_LANGUAGE_STANDARD = "gnu++0x";
				CLANG_CXX_LIBRARY = "libc++";
				CLANG_ENABLE_MODULES = YES;
				CLANG_ENABLE_OBJC_ARC = YES;
				CLANG_WARN_BLOCK_CAPTURE_AUTORELEASING = YES;
				CLANG_WARN_BOOL_CONVERSION = YES;
				CLANG_WARN_COMMA = YES;
				CLANG_WARN_CONSTANT_CONVERSION = YES;
				CLANG_WARN_DIRECT_OBJC_ISA_USAGE = YES_ERROR;
				CLANG_WARN_DOCUMENTATION_COMMENTS = YES;
				CLANG_WARN_EMPTY_BODY = YES;
				CLANG_WARN_ENUM_CONVERSION = YES;
				CLANG_WARN_INFINITE_RECURSION = YES;
				CLANG_WARN_INT_CONVERSION = YES;
				CLANG_WARN_NON_LITERAL_NULL_CONVERSION = YES;
				CLANG_WARN_OBJC_LITERAL_CONVERSION = YES;
				CLANG_WARN_OBJC_ROOT_CLASS = YES_ERROR;
				CLANG_WARN_RANGE_LOOP_ANALYSIS = YES;
				CLANG_WARN_STRICT_PROTOTYPES = YES;
				CLANG_WARN_SUSPICIOUS_MOVE = YES;
				CLANG_WARN_UNREACHABLE_CODE = YES;
				CLANG_WARN__DUPLICATE_METHOD_MATCH = YES;
				"CODE_SIGN_IDENTITY[sdk=iphoneos*]" = "iPhone Developer";
				COPY_PHASE_STRIP = NO;
				DEBUG_INFORMATION_FORMAT = "dwarf-with-dsym";
				ENABLE_NS_ASSERTIONS = NO;
				ENABLE_STRICT_OBJC_MSGSEND = YES;
				GCC_C_LANGUAGE_STANDARD = gnu99;
				GCC_NO_COMMON_BLOCKS = YES;
				GCC_WARN_64_TO_32_BIT_CONVERSION = YES;
				GCC_WARN_ABOUT_RETURN_TYPE = YES_ERROR;
				GCC_WARN_UNDECLARED_SELECTOR = YES;
				GCC_WARN_UNINITIALIZED_AUTOS = YES_AGGRESSIVE;
				GCC_WARN_UNUSED_FUNCTION = YES;
				GCC_WARN_UNUSED_VARIABLE = YES;
				IPHONEOS_DEPLOYMENT_TARGET = 10.3;
				MTL_ENABLE_DEBUG_INFO = NO;
				SDKROOT = iphoneos;
				SWIFT_OPTIMIZATION_LEVEL = "-Owholemodule";
				SWIFT_VERSION = 4.0;
				TARGETED_DEVICE_FAMILY = "1,2";
				VALIDATE_PRODUCT = YES;
			};
			name = Release;
		};
		B74DF3A91F34955500405847 /* Debug */ = {
			isa = XCBuildConfiguration;
			baseConfigurationReference = 74D214329718139F3B918BE8 /* Pods-VRGSoftSwiftIOSKit.debug.xcconfig */;
			buildSettings = {
				ASSETCATALOG_COMPILER_APPICON_NAME = AppIcon;
				INFOPLIST_FILE = VRGSoftSwiftIOSKit/Info.plist;
				IPHONEOS_DEPLOYMENT_TARGET = 10.0;
				LD_RUNPATH_SEARCH_PATHS = "$(inherited) @executable_path/Frameworks";
				PRODUCT_BUNDLE_IDENTIFIER = VRGSoft.VRGSoftSwiftIOSKit;
				PRODUCT_NAME = "$(TARGET_NAME)";
				SWIFT_VERSION = 4.0;
			};
			name = Debug;
		};
		B74DF3AA1F34955500405847 /* Release */ = {
			isa = XCBuildConfiguration;
			baseConfigurationReference = E744888B69F1358D3BD7E3F5 /* Pods-VRGSoftSwiftIOSKit.release.xcconfig */;
			buildSettings = {
				ASSETCATALOG_COMPILER_APPICON_NAME = AppIcon;
				INFOPLIST_FILE = VRGSoftSwiftIOSKit/Info.plist;
				IPHONEOS_DEPLOYMENT_TARGET = 10.0;
				LD_RUNPATH_SEARCH_PATHS = "$(inherited) @executable_path/Frameworks";
				PRODUCT_BUNDLE_IDENTIFIER = VRGSoft.VRGSoftSwiftIOSKit;
				PRODUCT_NAME = "$(TARGET_NAME)";
				SWIFT_VERSION = 4.0;
			};
			name = Release;
		};
/* End XCBuildConfiguration section */

/* Begin XCConfigurationList section */
		B74DF3911F34955500405847 /* Build configuration list for PBXProject "VRGSoftSwiftIOSKit" */ = {
			isa = XCConfigurationList;
			buildConfigurations = (
				B74DF3A61F34955500405847 /* Debug */,
				B74DF3A71F34955500405847 /* Release */,
			);
			defaultConfigurationIsVisible = 0;
			defaultConfigurationName = Release;
		};
		B74DF3A81F34955500405847 /* Build configuration list for PBXNativeTarget "VRGSoftSwiftIOSKit" */ = {
			isa = XCConfigurationList;
			buildConfigurations = (
				B74DF3A91F34955500405847 /* Debug */,
				B74DF3AA1F34955500405847 /* Release */,
			);
			defaultConfigurationIsVisible = 0;
			defaultConfigurationName = Release;
		};
/* End XCConfigurationList section */
	};
	rootObject = B74DF38E1F34955500405847 /* Project object */;
}
